PODS:
  - Ably (1.2.3):
    - AblyDeltaCodec (= 1.2.0)
    - msgpack (= 0.3.1)
    - SocketRocketAblyFork (= 0.5.2-ably-7)
    - ULID (= 1.1.0)
  - AblyAssetTracking/Publisher (0.0.1):
    - Ably (~> 1.2.0)
    - Logging (~> 1.4.0)
    - MapboxCoreNavigation (~> 1.1.0)
  - AblyAssetTracking/Subscriber (0.0.1):
    - Ably (~> 1.2.0)
    - Logging (~> 1.4.0)
  - AblyDeltaCodec (1.2.0)
  - Amplify (1.6.1):
    - Amplify/Default (= 1.6.1)
  - Amplify/Default (1.6.1)
  - AmplifyPlugins/AWSCognitoAuthPlugin (1.6.1):
    - AWSAuthCore (~> 2.23.0)
    - AWSCognitoIdentityProvider (~> 2.23.0)
    - AWSCognitoIdentityProviderASF (~> 2.23.0)
    - AWSCore (~> 2.23.0)
    - AWSMobileClient (~> 2.23.0)
    - AWSPluginsCore (= 1.6.1)
  - AmplifyPlugins/AWSS3StoragePlugin (1.6.1):
    - AWSCore (~> 2.23.0)
    - AWSPluginsCore (= 1.6.1)
    - AWSS3 (~> 2.23.0)
  - AWSAuthCore (2.23.0):
    - AWSCore (= 2.23.0)
  - AWSCognitoIdentityProvider (2.23.0):
    - AWSCognitoIdentityProviderASF (= 2.23.0)
    - AWSCore (= 2.23.0)
  - AWSCognitoIdentityProviderASF (2.23.0)
  - AWSCore (2.23.0)
  - AWSMobileClient (2.23.0):
    - AWSAuthCore (= 2.23.0)
    - AWSCognitoIdentityProvider (= 2.23.0)
    - AWSCognitoIdentityProviderASF (= 2.23.0)
    - AWSCore (= 2.23.0)
  - AWSPluginsCore (1.6.1):
    - Amplify (= 1.6.1)
    - AWSCore (~> 2.23.0)
  - AWSS3 (2.23.0):
    - AWSCore (= 2.23.0)
  - Logging (1.4.0)
  - MapboxAccounts (2.3.0)
  - MapboxCommon (7.1.2)
  - MapboxCoreNavigation (1.1.0):
    - MapboxAccounts (~> 2.3.0)
    - MapboxDirections (~> 1.0)
    - MapboxMobileEvents (~> 0.10.2)
    - MapboxNavigationNative (~> 22.0)
    - Turf (~> 1.0)
  - MapboxDirections (1.1.0):
    - Polyline (~> 5.0)
    - Turf (~> 1.0)
  - MapboxMobileEvents (0.10.6)
  - MapboxNavigationNative (22.0.5):
    - MapboxCommon (= 7.1.2)
  - msgpack (0.3.1)
  - Polyline (5.0.2)
  - SocketRocketAblyFork (0.5.2-ably-7)
  - SwiftLint (0.41.0)
  - Turf (1.1.0)
  - ULID (1.1.0)

DEPENDENCIES:
  - Ably (~> 1.2.0)
  - AblyAssetTracking/Publisher (from `AblyAssetTracking.podspec`)
  - AblyAssetTracking/Subscriber (from `AblyAssetTracking.podspec`)
  - Amplify (~> 1.6.0)
  - AmplifyPlugins/AWSCognitoAuthPlugin (~> 1.6.0)
  - AmplifyPlugins/AWSS3StoragePlugin (~> 1.6.0)
  - Logging (~> 1.4.0)
  - MapboxCoreNavigation (~> 1.1.0)
  - SwiftLint

SPEC REPOS:
  trunk:
    - Ably
    - AblyDeltaCodec
    - Amplify
    - AmplifyPlugins
    - AWSAuthCore
    - AWSCognitoIdentityProvider
    - AWSCognitoIdentityProviderASF
    - AWSCore
    - AWSMobileClient
    - AWSPluginsCore
    - AWSS3
    - Logging
    - MapboxAccounts
    - MapboxCommon
    - MapboxCoreNavigation
    - MapboxDirections
    - MapboxMobileEvents
    - MapboxNavigationNative
    - msgpack
    - Polyline
    - SocketRocketAblyFork
    - SwiftLint
    - Turf
    - ULID

EXTERNAL SOURCES:
  AblyAssetTracking:
    :path: AblyAssetTracking.podspec

SPEC CHECKSUMS:
  Ably: 9f143677993cb6df20fce4551b9b6b2e55ad2f4d
  AblyAssetTracking: a2adac51dca6cfc6ee2a543278bafcdb722b364b
  AblyDeltaCodec: 6123f31df5b04a0f5452968505a46ba16a9eb689
  Amplify: 4d0c3b0871e1f268c81ce5e9b65532df0a013900
  AmplifyPlugins: 51dfaeafe662cd571c4d4dfd3bdc5987fef2d5a7
  AWSAuthCore: 037e5faef3f7a0b4501eddcc382f9c74a22c0a77
  AWSCognitoIdentityProvider: c078ed88e0f8d2df52850acfa2dae91c451ae47e
  AWSCognitoIdentityProviderASF: fa862263b46ce6dcd28b85a906d21874fb28b15a
  AWSCore: 589ad0bd5b72e9a95ce33834f12339b50cfc9f14
  AWSMobileClient: 5701d5ac51ec0de781d848754f9d9952ead1c639
  AWSPluginsCore: f41f8a478fe3fd8839ec16278b86dededefb0628
  AWSS3: 7f89c85b958d0979a39069003a2fe06facf78373
  Logging: beeb016c9c80cf77042d62e83495816847ef108b
  MapboxAccounts: 84abfdde95d9dc483f604c1b0fe1861edf691ce7
  MapboxCommon: e469f6c62de29e1906c37e0bce65f6826e7fb9ac
  MapboxCoreNavigation: 1e859a9660eb8558fe5ab2dbe7d6ef396d9d9b0c
  MapboxDirections: f47e5648051967c502897cf808090874e3f81c5d
  MapboxMobileEvents: 5ef561e6b6f9cbff2900d62a52322e75d1a7dfdf
  MapboxNavigationNative: 88f243e0460fc7d1d50035bf13583355da6e4c26
  msgpack: a14de9216d29cfd0a7aff5af5150601a27e899a4
  Polyline: fce41d72e1146c41c6d081f7656827226f643dff
  SocketRocketAblyFork: 33ff506ecb565498051b8f358d60ae44274c3981
  SwiftLint: c585ebd615d9520d7fbdbe151f527977b0534f1e
  Turf: 62a818ddce6c1af8d54da9d56232088d170ab27b
  ULID: b4714891a02819364faecd574a53e391c4c6de9d

PODFILE CHECKSUM: 7fd9b978b3f16c5ebf49f4cfab7aaf6aee30bf0e

COCOAPODS: 1.10.0
