// !$*UTF8*$!
{
	archiveVersion = 1;
	classes = {
	};
	objectVersion = 52;
	objects = {

/* Begin PBXBuildFile section */
		180F619D258634350014B310 /* Assets.xcassets in Resources */ = {isa = PBXBuildFile; fileRef = 180F618C258634350014B310 /* Assets.xcassets */; };
		180F619E258634350014B310 /* LaunchScreen.storyboard in Resources */ = {isa = PBXBuildFile; fileRef = 180F618D258634350014B310 /* LaunchScreen.storyboard */; };
		180F61A2258634350014B310 /* SettingsViewController.xib in Resources */ = {isa = PBXBuildFile; fileRef = 180F6196258634350014B310 /* SettingsViewController.xib */; };
		180F61A3258634350014B310 /* SettingsViewController.swift in Sources */ = {isa = PBXBuildFile; fileRef = 180F6197258634350014B310 /* SettingsViewController.swift */; };
		180F61A4258634350014B310 /* AssetAnnotationView.swift in Sources */ = {isa = PBXBuildFile; fileRef = 180F6199258634350014B310 /* AssetAnnotationView.swift */; };
		180F61A5258634350014B310 /* MapViewController.swift in Sources */ = {isa = PBXBuildFile; fileRef = 180F619A258634350014B310 /* MapViewController.swift */; };
		180F61A6258634350014B310 /* MapViewController.xib in Resources */ = {isa = PBXBuildFile; fileRef = 180F619B258634350014B310 /* MapViewController.xib */; };
		180F61A7258634350014B310 /* AppDelegate.swift in Sources */ = {isa = PBXBuildFile; fileRef = 180F619C258634350014B310 /* AppDelegate.swift */; };
		188F5DF625AF136700202C97 /* AddTrackableToolbar.swift in Sources */ = {isa = PBXBuildFile; fileRef = 188F5DF525AF136700202C97 /* AddTrackableToolbar.swift */; };
		188F5DFA25AF181E00202C97 /* AddTrackableError.swift in Sources */ = {isa = PBXBuildFile; fileRef = 188F5DF925AF181E00202C97 /* AddTrackableError.swift */; };
		18A7FB6425AE05FD005AC55E /* TrackablesViewController.swift in Sources */ = {isa = PBXBuildFile; fileRef = 18A7FB6225AE05FD005AC55E /* TrackablesViewController.swift */; };
		18A7FB6525AE05FD005AC55E /* TrackablesViewController.xib in Resources */ = {isa = PBXBuildFile; fileRef = 18A7FB6325AE05FD005AC55E /* TrackablesViewController.xib */; };
		18A7FB6A25AE07B4005AC55E /* TrackablesTableViewCell.swift in Sources */ = {isa = PBXBuildFile; fileRef = 18A7FB6825AE07B4005AC55E /* TrackablesTableViewCell.swift */; };
		18A7FB6B25AE07B4005AC55E /* TrackablesTableViewCell.xib in Resources */ = {isa = PBXBuildFile; fileRef = 18A7FB6925AE07B4005AC55E /* TrackablesTableViewCell.xib */; };
		18A7FB7125AE1596005AC55E /* AddTrackableViewController.swift in Sources */ = {isa = PBXBuildFile; fileRef = 18A7FB6F25AE1596005AC55E /* AddTrackableViewController.swift */; };
		18A7FB7225AE1596005AC55E /* AddTrackableViewController.xib in Resources */ = {isa = PBXBuildFile; fileRef = 18A7FB7025AE1596005AC55E /* AddTrackableViewController.xib */; };
		18A7FB7625AE3624005AC55E /* AccuracyPickerView.swift in Sources */ = {isa = PBXBuildFile; fileRef = 18A7FB7525AE3624005AC55E /* AccuracyPickerView.swift */; };
		AD5BCAEE2677C3CB00836F16 /* Amplify in Frameworks */ = {isa = PBXBuildFile; productRef = AD5BCAED2677C3CB00836F16 /* Amplify */; };
		AD5BCAF02677C3CB00836F16 /* AWSCognitoAuthPlugin in Frameworks */ = {isa = PBXBuildFile; productRef = AD5BCAEF2677C3CB00836F16 /* AWSCognitoAuthPlugin */; };
		AD5BCAF22677C3CB00836F16 /* AWSPluginsCore in Frameworks */ = {isa = PBXBuildFile; productRef = AD5BCAF12677C3CB00836F16 /* AWSPluginsCore */; };
		AD5BCAF42677C3CB00836F16 /* AWSS3StoragePlugin in Frameworks */ = {isa = PBXBuildFile; productRef = AD5BCAF32677C3CB00836F16 /* AWSS3StoragePlugin */; };
		F618BA8625C9939000B69885 /* Environment.swift in Sources */ = {isa = PBXBuildFile; fileRef = F6A7DADD25C96F26001C094B /* Environment.swift */; };
		F67E661C25F8E21B001CF9BB /* DescriptionsHelper.swift in Sources */ = {isa = PBXBuildFile; fileRef = F67E661B25F8E21B001CF9BB /* DescriptionsHelper.swift */; };
		F67E661F25F8EA2C001CF9BB /* AssetStateHelper.swift in Sources */ = {isa = PBXBuildFile; fileRef = F67E661E25F8EA2C001CF9BB /* AssetStateHelper.swift */; };
		F6994D1625DE646300F222AD /* S3FilesListViewController.swift in Sources */ = {isa = PBXBuildFile; fileRef = F6994D1425DE646300F222AD /* S3FilesListViewController.swift */; };
		F6994D1725DE646300F222AD /* S3FilesListViewController.xib in Resources */ = {isa = PBXBuildFile; fileRef = F6994D1525DE646300F222AD /* S3FilesListViewController.xib */; };
		F6994D1B25DE663000F222AD /* S3FileTableViewCell.swift in Sources */ = {isa = PBXBuildFile; fileRef = F6994D1925DE663000F222AD /* S3FileTableViewCell.swift */; };
		F6994D1C25DE663000F222AD /* S3FileTableViewCell.xib in Resources */ = {isa = PBXBuildFile; fileRef = F6994D1A25DE663000F222AD /* S3FileTableViewCell.xib */; };
		F6B7E14125DCF9380098F03A /* S3Service.swift in Sources */ = {isa = PBXBuildFile; fileRef = F6B7E14025DCF9380098F03A /* S3Service.swift */; };
/* End PBXBuildFile section */

/* Begin PBXFileReference section */
		180F60F3258632D90014B310 /* PublisherExample.app */ = {isa = PBXFileReference; explicitFileType = wrapper.application; includeInIndex = 0; path = PublisherExample.app; sourceTree = BUILT_PRODUCTS_DIR; };
		180F618C258634350014B310 /* Assets.xcassets */ = {isa = PBXFileReference; lastKnownFileType = folder.assetcatalog; path = Assets.xcassets; sourceTree = "<group>"; };
		180F618E258634350014B310 /* Base */ = {isa = PBXFileReference; lastKnownFileType = file.storyboard; name = Base; path = Base.lproj/LaunchScreen.storyboard; sourceTree = "<group>"; };
		180F6191258634350014B310 /* Info.plist */ = {isa = PBXFileReference; fileEncoding = 4; lastKnownFileType = text.plist.xml; path = Info.plist; sourceTree = "<group>"; };
		180F6196258634350014B310 /* SettingsViewController.xib */ = {isa = PBXFileReference; fileEncoding = 4; lastKnownFileType = file.xib; path = SettingsViewController.xib; sourceTree = "<group>"; };
		180F6197258634350014B310 /* SettingsViewController.swift */ = {isa = PBXFileReference; fileEncoding = 4; lastKnownFileType = sourcecode.swift; path = SettingsViewController.swift; sourceTree = "<group>"; };
		180F6199258634350014B310 /* AssetAnnotationView.swift */ = {isa = PBXFileReference; fileEncoding = 4; lastKnownFileType = sourcecode.swift; path = AssetAnnotationView.swift; sourceTree = "<group>"; };
		180F619A258634350014B310 /* MapViewController.swift */ = {isa = PBXFileReference; fileEncoding = 4; lastKnownFileType = sourcecode.swift; path = MapViewController.swift; sourceTree = "<group>"; };
		180F619B258634350014B310 /* MapViewController.xib */ = {isa = PBXFileReference; fileEncoding = 4; lastKnownFileType = file.xib; path = MapViewController.xib; sourceTree = "<group>"; };
		180F619C258634350014B310 /* AppDelegate.swift */ = {isa = PBXFileReference; fileEncoding = 4; lastKnownFileType = sourcecode.swift; path = AppDelegate.swift; sourceTree = "<group>"; };
		188F5DF525AF136700202C97 /* AddTrackableToolbar.swift */ = {isa = PBXFileReference; lastKnownFileType = sourcecode.swift; path = AddTrackableToolbar.swift; sourceTree = "<group>"; };
		188F5DF925AF181E00202C97 /* AddTrackableError.swift */ = {isa = PBXFileReference; lastKnownFileType = sourcecode.swift; path = AddTrackableError.swift; sourceTree = "<group>"; };
		18A7FB6225AE05FD005AC55E /* TrackablesViewController.swift */ = {isa = PBXFileReference; lastKnownFileType = sourcecode.swift; path = TrackablesViewController.swift; sourceTree = "<group>"; };
		18A7FB6325AE05FD005AC55E /* TrackablesViewController.xib */ = {isa = PBXFileReference; lastKnownFileType = file.xib; path = TrackablesViewController.xib; sourceTree = "<group>"; };
		18A7FB6825AE07B4005AC55E /* TrackablesTableViewCell.swift */ = {isa = PBXFileReference; lastKnownFileType = sourcecode.swift; path = TrackablesTableViewCell.swift; sourceTree = "<group>"; };
		18A7FB6925AE07B4005AC55E /* TrackablesTableViewCell.xib */ = {isa = PBXFileReference; lastKnownFileType = file.xib; path = TrackablesTableViewCell.xib; sourceTree = "<group>"; };
		18A7FB6F25AE1596005AC55E /* AddTrackableViewController.swift */ = {isa = PBXFileReference; lastKnownFileType = sourcecode.swift; path = AddTrackableViewController.swift; sourceTree = "<group>"; };
		18A7FB7025AE1596005AC55E /* AddTrackableViewController.xib */ = {isa = PBXFileReference; lastKnownFileType = file.xib; path = AddTrackableViewController.xib; sourceTree = "<group>"; };
		18A7FB7525AE3624005AC55E /* AccuracyPickerView.swift */ = {isa = PBXFileReference; lastKnownFileType = sourcecode.swift; path = AccuracyPickerView.swift; sourceTree = "<group>"; };
		AD0F84B22677D67900C15DB7 /* Secrets.xcconfig */ = {isa = PBXFileReference; lastKnownFileType = text.xcconfig; name = Secrets.xcconfig; path = ../../Secrets.xcconfig; sourceTree = "<group>"; };
		ADAAE617266154FB00A8F214 /* Publisher.framework */ = {isa = PBXFileReference; explicitFileType = wrapper.framework; path = Publisher.framework; sourceTree = BUILT_PRODUCTS_DIR; };
		F67E661B25F8E21B001CF9BB /* DescriptionsHelper.swift */ = {isa = PBXFileReference; lastKnownFileType = sourcecode.swift; path = DescriptionsHelper.swift; sourceTree = "<group>"; };
		F67E661E25F8EA2C001CF9BB /* AssetStateHelper.swift */ = {isa = PBXFileReference; lastKnownFileType = sourcecode.swift; path = AssetStateHelper.swift; sourceTree = "<group>"; };
		F6994D1425DE646300F222AD /* S3FilesListViewController.swift */ = {isa = PBXFileReference; lastKnownFileType = sourcecode.swift; path = S3FilesListViewController.swift; sourceTree = "<group>"; };
		F6994D1525DE646300F222AD /* S3FilesListViewController.xib */ = {isa = PBXFileReference; lastKnownFileType = file.xib; path = S3FilesListViewController.xib; sourceTree = "<group>"; };
		F6994D1925DE663000F222AD /* S3FileTableViewCell.swift */ = {isa = PBXFileReference; lastKnownFileType = sourcecode.swift; path = S3FileTableViewCell.swift; sourceTree = "<group>"; };
		F6994D1A25DE663000F222AD /* S3FileTableViewCell.xib */ = {isa = PBXFileReference; lastKnownFileType = file.xib; path = S3FileTableViewCell.xib; sourceTree = "<group>"; };
		F6A7DADD25C96F26001C094B /* Environment.swift */ = {isa = PBXFileReference; lastKnownFileType = sourcecode.swift; path = Environment.swift; sourceTree = "<group>"; };
		F6B7E14025DCF9380098F03A /* S3Service.swift */ = {isa = PBXFileReference; lastKnownFileType = sourcecode.swift; path = S3Service.swift; sourceTree = "<group>"; };
/* End PBXFileReference section */

/* Begin PBXFrameworksBuildPhase section */
		180F60F0258632D90014B310 /* Frameworks */ = {
			isa = PBXFrameworksBuildPhase;
			buildActionMask = 2147483647;
			files = (
				AD5BCAF42677C3CB00836F16 /* AWSS3StoragePlugin in Frameworks */,
				AD5BCAF22677C3CB00836F16 /* AWSPluginsCore in Frameworks */,
				AD5BCAEE2677C3CB00836F16 /* Amplify in Frameworks */,
				AD5BCAF02677C3CB00836F16 /* AWSCognitoAuthPlugin in Frameworks */,
			);
			runOnlyForDeploymentPostprocessing = 0;
		};
/* End PBXFrameworksBuildPhase section */

/* Begin PBXGroup section */
		180F60EA258632D90014B310 = {
			isa = PBXGroup;
			children = (
				F6B7E14625DD1A0A0098F03A /* S3Service */,
				180F6192258634350014B310 /* Sources */,
				180F618B258634350014B310 /* Resources */,
				180F60F4258632D90014B310 /* Products */,
				A5AB50E1560DB553BC23560C /* Frameworks */,
			);
			sourceTree = "<group>";
		};
		180F60F4258632D90014B310 /* Products */ = {
			isa = PBXGroup;
			children = (
				180F60F3258632D90014B310 /* PublisherExample.app */,
			);
			name = Products;
			sourceTree = "<group>";
		};
		180F618B258634350014B310 /* Resources */ = {
			isa = PBXGroup;
			children = (
				AD0F84B22677D67900C15DB7 /* Secrets.xcconfig */,
				180F618C258634350014B310 /* Assets.xcassets */,
				180F618D258634350014B310 /* LaunchScreen.storyboard */,
				180F6191258634350014B310 /* Info.plist */,
			);
			path = Resources;
			sourceTree = "<group>";
		};
		180F6192258634350014B310 /* Sources */ = {
			isa = PBXGroup;
			children = (
				F6A7DADD25C96F26001C094B /* Environment.swift */,
				180F619C258634350014B310 /* AppDelegate.swift */,
				180F6194258634350014B310 /* Screens */,
			);
			path = Sources;
			sourceTree = "<group>";
		};
		180F6194258634350014B310 /* Screens */ = {
			isa = PBXGroup;
			children = (
				18A7FB6E25AE1589005AC55E /* AddTrackable */,
				18A7FB6125AE0577005AC55E /* Trackables */,
				180F6195258634350014B310 /* Settings */,
				180F6198258634350014B310 /* Map */,
			);
			path = Screens;
			sourceTree = "<group>";
		};
		180F6195258634350014B310 /* Settings */ = {
			isa = PBXGroup;
			children = (
				F6994D1225DE619D00F222AD /* S3FilesList */,
				180F6196258634350014B310 /* SettingsViewController.xib */,
				180F6197258634350014B310 /* SettingsViewController.swift */,
			);
			path = Settings;
			sourceTree = "<group>";
		};
		180F6198258634350014B310 /* Map */ = {
			isa = PBXGroup;
			children = (
				F67E661A25F8E1F1001CF9BB /* Helpers */,
				180F6199258634350014B310 /* AssetAnnotationView.swift */,
				180F619A258634350014B310 /* MapViewController.swift */,
				180F619B258634350014B310 /* MapViewController.xib */,
			);
			path = Map;
			sourceTree = "<group>";
		};
		18A7FB6125AE0577005AC55E /* Trackables */ = {
			isa = PBXGroup;
			children = (
				18A7FB6225AE05FD005AC55E /* TrackablesViewController.swift */,
				18A7FB6325AE05FD005AC55E /* TrackablesViewController.xib */,
				18A7FB6825AE07B4005AC55E /* TrackablesTableViewCell.swift */,
				18A7FB6925AE07B4005AC55E /* TrackablesTableViewCell.xib */,
			);
			path = Trackables;
			sourceTree = "<group>";
		};
		18A7FB6E25AE1589005AC55E /* AddTrackable */ = {
			isa = PBXGroup;
			children = (
				18A7FB6F25AE1596005AC55E /* AddTrackableViewController.swift */,
				18A7FB7025AE1596005AC55E /* AddTrackableViewController.xib */,
				18A7FB7525AE3624005AC55E /* AccuracyPickerView.swift */,
				188F5DF525AF136700202C97 /* AddTrackableToolbar.swift */,
				188F5DF925AF181E00202C97 /* AddTrackableError.swift */,
			);
			path = AddTrackable;
			sourceTree = "<group>";
		};
		A5AB50E1560DB553BC23560C /* Frameworks */ = {
			isa = PBXGroup;
			children = (
				ADAAE617266154FB00A8F214 /* Publisher.framework */,
			);
			name = Frameworks;
			sourceTree = "<group>";
		};
		F67E661A25F8E1F1001CF9BB /* Helpers */ = {
			isa = PBXGroup;
			children = (
				F67E661B25F8E21B001CF9BB /* DescriptionsHelper.swift */,
				F67E661E25F8EA2C001CF9BB /* AssetStateHelper.swift */,
			);
			path = Helpers;
			sourceTree = "<group>";
		};
		F6994D1225DE619D00F222AD /* S3FilesList */ = {
			isa = PBXGroup;
			children = (
				F6994D1425DE646300F222AD /* S3FilesListViewController.swift */,
				F6994D1525DE646300F222AD /* S3FilesListViewController.xib */,
				F6994D1925DE663000F222AD /* S3FileTableViewCell.swift */,
				F6994D1A25DE663000F222AD /* S3FileTableViewCell.xib */,
			);
			path = S3FilesList;
			sourceTree = "<group>";
		};
		F6B7E14625DD1A0A0098F03A /* S3Service */ = {
			isa = PBXGroup;
			children = (
				F6B7E14025DCF9380098F03A /* S3Service.swift */,
			);
			path = S3Service;
			sourceTree = "<group>";
		};
/* End PBXGroup section */

/* Begin PBXNativeTarget section */
		180F60F2258632D90014B310 /* PublisherExample */ = {
			isa = PBXNativeTarget;
			buildConfigurationList = 180F6107258632DA0014B310 /* Build configuration list for PBXNativeTarget "PublisherExample" */;
			buildPhases = (
				183BE6B02588A5BA0097A30B /* Run SwiftLint */,
				180F60EF258632D90014B310 /* Sources */,
				180F60F0258632D90014B310 /* Frameworks */,
				180F60F1258632D90014B310 /* Resources */,
			);
			buildRules = (
			);
			dependencies = (
			);
			name = PublisherExample;
			packageProductDependencies = (
				AD5BCAED2677C3CB00836F16 /* Amplify */,
				AD5BCAEF2677C3CB00836F16 /* AWSCognitoAuthPlugin */,
				AD5BCAF12677C3CB00836F16 /* AWSPluginsCore */,
				AD5BCAF32677C3CB00836F16 /* AWSS3StoragePlugin */,
			);
			productName = PublisherExample;
			productReference = 180F60F3258632D90014B310 /* PublisherExample.app */;
			productType = "com.apple.product-type.application";
		};
/* End PBXNativeTarget section */

/* Begin PBXProject section */
		180F60EB258632D90014B310 /* Project object */ = {
			isa = PBXProject;
			attributes = {
				LastSwiftUpdateCheck = 1220;
				LastUpgradeCheck = 1220;
				TargetAttributes = {
					180F60F2258632D90014B310 = {
						CreatedOnToolsVersion = 12.2;
					};
				};
			};
			buildConfigurationList = 180F60EE258632D90014B310 /* Build configuration list for PBXProject "PublisherExample" */;
			compatibilityVersion = "Xcode 9.3";
			developmentRegion = en;
			hasScannedForEncodings = 0;
			knownRegions = (
				en,
				Base,
			);
			mainGroup = 180F60EA258632D90014B310;
			packageReferences = (
				AD5BCAEC2677C3CB00836F16 /* XCRemoteSwiftPackageReference "amplify-ios" */,
			);
			productRefGroup = 180F60F4258632D90014B310 /* Products */;
			projectDirPath = "";
			projectRoot = "";
			targets = (
				180F60F2258632D90014B310 /* PublisherExample */,
			);
		};
/* End PBXProject section */

/* Begin PBXResourcesBuildPhase section */
		180F60F1258632D90014B310 /* Resources */ = {
			isa = PBXResourcesBuildPhase;
			buildActionMask = 2147483647;
			files = (
				180F619D258634350014B310 /* Assets.xcassets in Resources */,
				18A7FB6B25AE07B4005AC55E /* TrackablesTableViewCell.xib in Resources */,
				18A7FB6525AE05FD005AC55E /* TrackablesViewController.xib in Resources */,
				180F61A2258634350014B310 /* SettingsViewController.xib in Resources */,
				180F61A6258634350014B310 /* MapViewController.xib in Resources */,
				F6994D1725DE646300F222AD /* S3FilesListViewController.xib in Resources */,
				18A7FB7225AE1596005AC55E /* AddTrackableViewController.xib in Resources */,
				180F619E258634350014B310 /* LaunchScreen.storyboard in Resources */,
				F6994D1C25DE663000F222AD /* S3FileTableViewCell.xib in Resources */,
			);
			runOnlyForDeploymentPostprocessing = 0;
		};
/* End PBXResourcesBuildPhase section */

/* Begin PBXShellScriptBuildPhase section */
		183BE6B02588A5BA0097A30B /* Run SwiftLint */ = {
			isa = PBXShellScriptBuildPhase;
			buildActionMask = 2147483647;
			files = (
			);
			inputFileListPaths = (
			);
			inputPaths = (
			);
			name = "Run SwiftLint";
			outputFileListPaths = (
			);
			outputPaths = (
			);
			runOnlyForDeploymentPostprocessing = 0;
			shellPath = /bin/sh;
			shellScript = "if which swiftlint >/dev/null; then\n  swiftlint lint --config \"../.swiftlint.yml\"\nelse\n  echo \"warning: SwiftLint not installed, download from https://github.com/realm/SwiftLint\"\nfi\n";
		};
/* End PBXShellScriptBuildPhase section */

/* Begin PBXSourcesBuildPhase section */
		180F60EF258632D90014B310 /* Sources */ = {
			isa = PBXSourcesBuildPhase;
			buildActionMask = 2147483647;
			files = (
				188F5DFA25AF181E00202C97 /* AddTrackableError.swift in Sources */,
				F6994D1625DE646300F222AD /* S3FilesListViewController.swift in Sources */,
				F67E661F25F8EA2C001CF9BB /* AssetStateHelper.swift in Sources */,
				18A7FB7125AE1596005AC55E /* AddTrackableViewController.swift in Sources */,
				F6994D1B25DE663000F222AD /* S3FileTableViewCell.swift in Sources */,
				F67E661C25F8E21B001CF9BB /* DescriptionsHelper.swift in Sources */,
				180F61A7258634350014B310 /* AppDelegate.swift in Sources */,
				18A7FB7625AE3624005AC55E /* AccuracyPickerView.swift in Sources */,
				180F61A4258634350014B310 /* AssetAnnotationView.swift in Sources */,
				180F61A3258634350014B310 /* SettingsViewController.swift in Sources */,
				188F5DF625AF136700202C97 /* AddTrackableToolbar.swift in Sources */,
				F618BA8625C9939000B69885 /* Environment.swift in Sources */,
				18A7FB6A25AE07B4005AC55E /* TrackablesTableViewCell.swift in Sources */,
				F6B7E14125DCF9380098F03A /* S3Service.swift in Sources */,
				18A7FB6425AE05FD005AC55E /* TrackablesViewController.swift in Sources */,
				180F61A5258634350014B310 /* MapViewController.swift in Sources */,
			);
			runOnlyForDeploymentPostprocessing = 0;
		};
/* End PBXSourcesBuildPhase section */

/* Begin PBXVariantGroup section */
		180F618D258634350014B310 /* LaunchScreen.storyboard */ = {
			isa = PBXVariantGroup;
			children = (
				180F618E258634350014B310 /* Base */,
			);
			name = LaunchScreen.storyboard;
			sourceTree = "<group>";
		};
/* End PBXVariantGroup section */

/* Begin XCBuildConfiguration section */
		180F6105258632DA0014B310 /* Debug */ = {
			isa = XCBuildConfiguration;
			baseConfigurationReference = AD0F84B22677D67900C15DB7 /* Secrets.xcconfig */;
			buildSettings = {
				ALWAYS_SEARCH_USER_PATHS = NO;
				CLANG_ANALYZER_NONNULL = YES;
				CLANG_ANALYZER_NUMBER_OBJECT_CONVERSION = YES_AGGRESSIVE;
				CLANG_CXX_LANGUAGE_STANDARD = "gnu++14";
				CLANG_CXX_LIBRARY = "libc++";
				CLANG_ENABLE_MODULES = YES;
				CLANG_ENABLE_OBJC_ARC = YES;
				CLANG_ENABLE_OBJC_WEAK = YES;
				CLANG_WARN_BLOCK_CAPTURE_AUTORELEASING = YES;
				CLANG_WARN_BOOL_CONVERSION = YES;
				CLANG_WARN_COMMA = YES;
				CLANG_WARN_CONSTANT_CONVERSION = YES;
				CLANG_WARN_DEPRECATED_OBJC_IMPLEMENTATIONS = YES;
				CLANG_WARN_DIRECT_OBJC_ISA_USAGE = YES_ERROR;
				CLANG_WARN_DOCUMENTATION_COMMENTS = YES;
				CLANG_WARN_EMPTY_BODY = YES;
				CLANG_WARN_ENUM_CONVERSION = YES;
				CLANG_WARN_INFINITE_RECURSION = YES;
				CLANG_WARN_INT_CONVERSION = YES;
				CLANG_WARN_NON_LITERAL_NULL_CONVERSION = YES;
				CLANG_WARN_OBJC_IMPLICIT_RETAIN_SELF = YES;
				CLANG_WARN_OBJC_LITERAL_CONVERSION = YES;
				CLANG_WARN_OBJC_ROOT_CLASS = YES_ERROR;
				CLANG_WARN_QUOTED_INCLUDE_IN_FRAMEWORK_HEADER = YES;
				CLANG_WARN_RANGE_LOOP_ANALYSIS = YES;
				CLANG_WARN_STRICT_PROTOTYPES = YES;
				CLANG_WARN_SUSPICIOUS_MOVE = YES;
				CLANG_WARN_UNGUARDED_AVAILABILITY = YES_AGGRESSIVE;
				CLANG_WARN_UNREACHABLE_CODE = YES;
				CLANG_WARN__DUPLICATE_METHOD_MATCH = YES;
				COPY_PHASE_STRIP = NO;
				DEBUG_INFORMATION_FORMAT = dwarf;
				ENABLE_STRICT_OBJC_MSGSEND = YES;
				ENABLE_TESTABILITY = YES;
				GCC_C_LANGUAGE_STANDARD = gnu11;
				GCC_DYNAMIC_NO_PIC = NO;
				GCC_NO_COMMON_BLOCKS = YES;
				GCC_OPTIMIZATION_LEVEL = 0;
				GCC_PREPROCESSOR_DEFINITIONS = (
					"DEBUG=1",
					"$(inherited)",
				);
				GCC_WARN_64_TO_32_BIT_CONVERSION = YES;
				GCC_WARN_ABOUT_RETURN_TYPE = YES_ERROR;
				GCC_WARN_UNDECLARED_SELECTOR = YES;
				GCC_WARN_UNINITIALIZED_AUTOS = YES_AGGRESSIVE;
				GCC_WARN_UNUSED_FUNCTION = YES;
				GCC_WARN_UNUSED_VARIABLE = YES;
				IPHONEOS_DEPLOYMENT_TARGET = 12.0;
				MTL_ENABLE_DEBUG_INFO = INCLUDE_SOURCE;
				MTL_FAST_MATH = YES;
				ONLY_ACTIVE_ARCH = YES;
				SDKROOT = iphoneos;
				SWIFT_ACTIVE_COMPILATION_CONDITIONS = DEBUG;
				SWIFT_OPTIMIZATION_LEVEL = "-Onone";
			};
			name = Debug;
		};
		180F6106258632DA0014B310 /* Release */ = {
			isa = XCBuildConfiguration;
			baseConfigurationReference = AD0F84B22677D67900C15DB7 /* Secrets.xcconfig */;
			buildSettings = {
				ALWAYS_SEARCH_USER_PATHS = NO;
				CLANG_ANALYZER_NONNULL = YES;
				CLANG_ANALYZER_NUMBER_OBJECT_CONVERSION = YES_AGGRESSIVE;
				CLANG_CXX_LANGUAGE_STANDARD = "gnu++14";
				CLANG_CXX_LIBRARY = "libc++";
				CLANG_ENABLE_MODULES = YES;
				CLANG_ENABLE_OBJC_ARC = YES;
				CLANG_ENABLE_OBJC_WEAK = YES;
				CLANG_WARN_BLOCK_CAPTURE_AUTORELEASING = YES;
				CLANG_WARN_BOOL_CONVERSION = YES;
				CLANG_WARN_COMMA = YES;
				CLANG_WARN_CONSTANT_CONVERSION = YES;
				CLANG_WARN_DEPRECATED_OBJC_IMPLEMENTATIONS = YES;
				CLANG_WARN_DIRECT_OBJC_ISA_USAGE = YES_ERROR;
				CLANG_WARN_DOCUMENTATION_COMMENTS = YES;
				CLANG_WARN_EMPTY_BODY = YES;
				CLANG_WARN_ENUM_CONVERSION = YES;
				CLANG_WARN_INFINITE_RECURSION = YES;
				CLANG_WARN_INT_CONVERSION = YES;
				CLANG_WARN_NON_LITERAL_NULL_CONVERSION = YES;
				CLANG_WARN_OBJC_IMPLICIT_RETAIN_SELF = YES;
				CLANG_WARN_OBJC_LITERAL_CONVERSION = YES;
				CLANG_WARN_OBJC_ROOT_CLASS = YES_ERROR;
				CLANG_WARN_QUOTED_INCLUDE_IN_FRAMEWORK_HEADER = YES;
				CLANG_WARN_RANGE_LOOP_ANALYSIS = YES;
				CLANG_WARN_STRICT_PROTOTYPES = YES;
				CLANG_WARN_SUSPICIOUS_MOVE = YES;
				CLANG_WARN_UNGUARDED_AVAILABILITY = YES_AGGRESSIVE;
				CLANG_WARN_UNREACHABLE_CODE = YES;
				CLANG_WARN__DUPLICATE_METHOD_MATCH = YES;
				COPY_PHASE_STRIP = NO;
				DEBUG_INFORMATION_FORMAT = "dwarf-with-dsym";
				ENABLE_NS_ASSERTIONS = NO;
				ENABLE_STRICT_OBJC_MSGSEND = YES;
				GCC_C_LANGUAGE_STANDARD = gnu11;
				GCC_NO_COMMON_BLOCKS = YES;
				GCC_WARN_64_TO_32_BIT_CONVERSION = YES;
				GCC_WARN_ABOUT_RETURN_TYPE = YES_ERROR;
				GCC_WARN_UNDECLARED_SELECTOR = YES;
				GCC_WARN_UNINITIALIZED_AUTOS = YES_AGGRESSIVE;
				GCC_WARN_UNUSED_FUNCTION = YES;
				GCC_WARN_UNUSED_VARIABLE = YES;
				IPHONEOS_DEPLOYMENT_TARGET = 12.0;
				MTL_ENABLE_DEBUG_INFO = NO;
				MTL_FAST_MATH = YES;
				ONLY_ACTIVE_ARCH = YES;
				SDKROOT = iphoneos;
				SWIFT_COMPILATION_MODE = wholemodule;
				SWIFT_OPTIMIZATION_LEVEL = "-O";
				VALIDATE_PRODUCT = YES;
			};
			name = Release;
		};
		180F6108258632DA0014B310 /* Debug */ = {
			isa = XCBuildConfiguration;
			buildSettings = {
				ASSETCATALOG_COMPILER_APPICON_NAME = AppIcon;
				ASSETCATALOG_COMPILER_GLOBAL_ACCENT_COLOR_NAME = AccentColor;
				CODE_SIGN_STYLE = Automatic;
				DEVELOPMENT_TEAM = XXY98AVDR6;
				INFOPLIST_FILE = "$(SRCROOT)/Resources/Info.plist";
				LD_RUNPATH_SEARCH_PATHS = (
					"$(inherited)",
					"@executable_path/Frameworks",
				);
				PRODUCT_BUNDLE_IDENTIFIER = com.ably.tracking.PublisherExample;
				PRODUCT_NAME = "$(TARGET_NAME)";
				SWIFT_VERSION = 5.0;
				TARGETED_DEVICE_FAMILY = "1,2";
			};
			name = Debug;
		};
		180F6109258632DA0014B310 /* Release */ = {
			isa = XCBuildConfiguration;
			buildSettings = {
				ASSETCATALOG_COMPILER_APPICON_NAME = AppIcon;
				ASSETCATALOG_COMPILER_GLOBAL_ACCENT_COLOR_NAME = AccentColor;
				CODE_SIGN_STYLE = Automatic;
				DEVELOPMENT_TEAM = XXY98AVDR6;
				INFOPLIST_FILE = "$(SRCROOT)/Resources/Info.plist";
				LD_RUNPATH_SEARCH_PATHS = (
					"$(inherited)",
					"@executable_path/Frameworks",
				);
				PRODUCT_BUNDLE_IDENTIFIER = com.ably.tracking.PublisherExample;
				PRODUCT_NAME = "$(TARGET_NAME)";
				SWIFT_VERSION = 5.0;
				TARGETED_DEVICE_FAMILY = "1,2";
			};
			name = Release;
		};
/* End XCBuildConfiguration section */

/* Begin XCConfigurationList section */
		180F60EE258632D90014B310 /* Build configuration list for PBXProject "PublisherExample" */ = {
			isa = XCConfigurationList;
			buildConfigurations = (
				180F6105258632DA0014B310 /* Debug */,
				180F6106258632DA0014B310 /* Release */,
			);
			defaultConfigurationIsVisible = 0;
			defaultConfigurationName = Release;
		};
		180F6107258632DA0014B310 /* Build configuration list for PBXNativeTarget "PublisherExample" */ = {
			isa = XCConfigurationList;
			buildConfigurations = (
				180F6108258632DA0014B310 /* Debug */,
				180F6109258632DA0014B310 /* Release */,
			);
			defaultConfigurationIsVisible = 0;
			defaultConfigurationName = Release;
		};
/* End XCConfigurationList section */

/* Begin XCRemoteSwiftPackageReference section */
		AD5BCAEC2677C3CB00836F16 /* XCRemoteSwiftPackageReference "amplify-ios" */ = {
			isa = XCRemoteSwiftPackageReference;
			repositoryURL = "https://github.com/aws-amplify/amplify-ios";
			requirement = {
				kind = upToNextMajorVersion;
				minimumVersion = 1.10.0;
			};
		};
/* End XCRemoteSwiftPackageReference section */

/* Begin XCSwiftPackageProductDependency section */
		AD5BCAED2677C3CB00836F16 /* Amplify */ = {
			isa = XCSwiftPackageProductDependency;
			package = AD5BCAEC2677C3CB00836F16 /* XCRemoteSwiftPackageReference "amplify-ios" */;
			productName = Amplify;
		};
		AD5BCAEF2677C3CB00836F16 /* AWSCognitoAuthPlugin */ = {
			isa = XCSwiftPackageProductDependency;
			package = AD5BCAEC2677C3CB00836F16 /* XCRemoteSwiftPackageReference "amplify-ios" */;
			productName = AWSCognitoAuthPlugin;
		};
		AD5BCAF12677C3CB00836F16 /* AWSPluginsCore */ = {
			isa = XCSwiftPackageProductDependency;
			package = AD5BCAEC2677C3CB00836F16 /* XCRemoteSwiftPackageReference "amplify-ios" */;
			productName = AWSPluginsCore;
		};
		AD5BCAF32677C3CB00836F16 /* AWSS3StoragePlugin */ = {
			isa = XCSwiftPackageProductDependency;
			package = AD5BCAEC2677C3CB00836F16 /* XCRemoteSwiftPackageReference "amplify-ios" */;
			productName = AWSS3StoragePlugin;
		};
/* End XCSwiftPackageProductDependency section */
	};
	rootObject = 180F60EB258632D90014B310 /* Project object */;
}
