// !$*UTF8*$!
{
	archiveVersion = 1;
	classes = {
	};
	objectVersion = 51;
	objects = {

/* Begin PBXBuildFile section */
		180375212599E8AA001387BA /* SubscriberEvent.swift in Sources */ = {isa = PBXBuildFile; fileRef = 180375202599E8AA001387BA /* SubscriberEvent.swift */; };
		1807959025A4AF040026F4C1 /* ResolutionConstraints.swift in Sources */ = {isa = PBXBuildFile; fileRef = 1807958F25A4AF040026F4C1 /* ResolutionConstraints.swift */; };
		180795CB25A4AF790026F4C1 /* ResolutionPolicy.swift in Sources */ = {isa = PBXBuildFile; fileRef = 180795C825A4AF790026F4C1 /* ResolutionPolicy.swift */; };
		180795CC25A4AF790026F4C1 /* Accuracy.swift in Sources */ = {isa = PBXBuildFile; fileRef = 180795C925A4AF790026F4C1 /* Accuracy.swift */; };
		180795CD25A4AF790026F4C1 /* Resolution.swift in Sources */ = {isa = PBXBuildFile; fileRef = 180795CA25A4AF790026F4C1 /* Resolution.swift */; };
		180795D725A4AFA80026F4C1 /* Proximity.swift in Sources */ = {isa = PBXBuildFile; fileRef = 180795D625A4AFA80026F4C1 /* Proximity.swift */; };
		180795F625A4AFF50026F4C1 /* TrackableResolutionRequest.swift in Sources */ = {isa = PBXBuildFile; fileRef = 180795F525A4AFF50026F4C1 /* TrackableResolutionRequest.swift */; };
		180F60BE258632750014B310 /* Subscriber.h in Headers */ = {isa = PBXBuildFile; fileRef = 180F60B0258632740014B310 /* Subscriber.h */; settings = {ATTRIBUTES = (Public, ); }; };
		180F61322586332B0014B310 /* SubscriberTests.swift in Sources */ = {isa = PBXBuildFile; fileRef = 180F61312586332B0014B310 /* SubscriberTests.swift */; };
		180F61342586332B0014B310 /* Subscriber.framework in Frameworks */ = {isa = PBXBuildFile; fileRef = 180F60AD258632740014B310 /* Subscriber.framework */; };
		180F6182258634290014B310 /* DefaultSubscriber.swift in Sources */ = {isa = PBXBuildFile; fileRef = 180F617D258634290014B310 /* DefaultSubscriber.swift */; };
		180F6183258634290014B310 /* AblySubscriberService.swift in Sources */ = {isa = PBXBuildFile; fileRef = 180F617F258634290014B310 /* AblySubscriberService.swift */; };
		180F6184258634290014B310 /* SubscriberBuilder.swift in Sources */ = {isa = PBXBuildFile; fileRef = 180F6180258634290014B310 /* SubscriberBuilder.swift */; };
		185094D925889E9E00E2D2E2 /* Subscriber.swift in Sources */ = {isa = PBXBuildFile; fileRef = 185094D725889E9E00E2D2E2 /* Subscriber.swift */; };
		185094DA25889E9E00E2D2E2 /* DefaultSubscriberBuilder.swift in Sources */ = {isa = PBXBuildFile; fileRef = 185094D825889E9E00E2D2E2 /* DefaultSubscriberBuilder.swift */; };
		18A4C1D325B2E2880092CC70 /* ResultHandler.swift in Sources */ = {isa = PBXBuildFile; fileRef = 18A4C1D225B2E2880092CC70 /* ResultHandler.swift */; };
		18FCE203258B8336005BC480 /* ConnectionConfiguration.swift in Sources */ = {isa = PBXBuildFile; fileRef = 18FCE1F2258B8336005BC480 /* ConnectionConfiguration.swift */; };
		18FCE204258B8336005BC480 /* Trackable.swift in Sources */ = {isa = PBXBuildFile; fileRef = 18FCE1F3258B8336005BC480 /* Trackable.swift */; };
		18FCE206258B8336005BC480 /* LogConfiguration.swift in Sources */ = {isa = PBXBuildFile; fileRef = 18FCE1F5258B8336005BC480 /* LogConfiguration.swift */; };
		18FCE207258B8336005BC480 /* GeoJSONMessage.swift in Sources */ = {isa = PBXBuildFile; fileRef = 18FCE1F8258B8336005BC480 /* GeoJSONMessage.swift */; };
		18FCE208258B8336005BC480 /* GeoJSONGeometry.swift in Sources */ = {isa = PBXBuildFile; fileRef = 18FCE1F9258B8336005BC480 /* GeoJSONGeometry.swift */; };
		18FCE209258B8336005BC480 /* GeoJSONProperties.swift in Sources */ = {isa = PBXBuildFile; fileRef = 18FCE1FA258B8336005BC480 /* GeoJSONProperties.swift */; };
		18FCE20A258B8336005BC480 /* GeoJSONType.swift in Sources */ = {isa = PBXBuildFile; fileRef = 18FCE1FB258B8336005BC480 /* GeoJSONType.swift */; };
		18FCE20B258B8336005BC480 /* PresenceData.swift in Sources */ = {isa = PBXBuildFile; fileRef = 18FCE1FC258B8336005BC480 /* PresenceData.swift */; };
		18FCE20C258B8336005BC480 /* EventName.swift in Sources */ = {isa = PBXBuildFile; fileRef = 18FCE1FD258B8336005BC480 /* EventName.swift */; };
		18FCE20E258B8336005BC480 /* Decodable+FromJSONString.swift in Sources */ = {isa = PBXBuildFile; fileRef = 18FCE200258B8336005BC480 /* Decodable+FromJSONString.swift */; };
		18FCE20F258B8336005BC480 /* Codable+EncodedString.swift in Sources */ = {isa = PBXBuildFile; fileRef = 18FCE201258B8336005BC480 /* Codable+EncodedString.swift */; };
		18FCE210258B8336005BC480 /* UnimplementedSupport.swift in Sources */ = {isa = PBXBuildFile; fileRef = 18FCE202258B8336005BC480 /* UnimplementedSupport.swift */; };
		1F9298B18A4CD0599098401B /* Pods_asset_tracking_SubscriberTests.framework in Frameworks */ = {isa = PBXBuildFile; fileRef = 8CCB14452A0115A255689664 /* Pods_asset_tracking_SubscriberTests.framework */; };
		2375C3D9FBC87E4236B66FA6 /* Pods_asset_tracking_Subscriber.framework in Frameworks */ = {isa = PBXBuildFile; fileRef = 2B94C2AA15165F9680C282FE /* Pods_asset_tracking_Subscriber.framework */; };
		F65AC34925AF3E41002799BD /* RoutingProfile.swift in Sources */ = {isa = PBXBuildFile; fileRef = F65AC34825AF3E41002799BD /* RoutingProfile.swift */; };
		F65C5CBD25CAB50500913A09 /* LocationUpdate.swift in Sources */ = {isa = PBXBuildFile; fileRef = F65C5CBC25CAB50500913A09 /* LocationUpdate.swift */; };
		F6A2D02E25CC2A34008D44F7 /* ErrorInformation.swift in Sources */ = {isa = PBXBuildFile; fileRef = F6A2D02D25CC2A34008D44F7 /* ErrorInformation.swift */; };
		F6A2D03525CC2B7E008D44F7 /* ARTErrorInfo+Extensions.swift in Sources */ = {isa = PBXBuildFile; fileRef = F6A2D03425CC2B7E008D44F7 /* ARTErrorInfo+Extensions.swift */; };
		F6D4CFD725D6752F0071A6A9 /* SubscriberFactory.swift in Sources */ = {isa = PBXBuildFile; fileRef = F6D4CFD625D6752F0071A6A9 /* SubscriberFactory.swift */; };
		F6D4CFDD25D675C90071A6A9 /* SubscriberDelegate.swift in Sources */ = {isa = PBXBuildFile; fileRef = F6D4CFDC25D675C90071A6A9 /* SubscriberDelegate.swift */; };
		F6D4CFE325D676550071A6A9 /* AssetConnectionStatus.swift in Sources */ = {isa = PBXBuildFile; fileRef = F6D4CFE225D676550071A6A9 /* AssetConnectionStatus.swift */; };
/* End PBXBuildFile section */

/* Begin PBXContainerItemProxy section */
		180F61352586332B0014B310 /* PBXContainerItemProxy */ = {
			isa = PBXContainerItemProxy;
			containerPortal = 180F60A4258632740014B310 /* Project object */;
			proxyType = 1;
			remoteGlobalIDString = 180F60AC258632740014B310;
			remoteInfo = Subscriber;
		};
/* End PBXContainerItemProxy section */

/* Begin PBXFileReference section */
		0552628DD6ED2E541A84E89A /* Pods-asset_tracking-SubscriberTests.release.xcconfig */ = {isa = PBXFileReference; includeInIndex = 1; lastKnownFileType = text.xcconfig; name = "Pods-asset_tracking-SubscriberTests.release.xcconfig"; path = "Target Support Files/Pods-asset_tracking-SubscriberTests/Pods-asset_tracking-SubscriberTests.release.xcconfig"; sourceTree = "<group>"; };
		180375202599E8AA001387BA /* SubscriberEvent.swift */ = {isa = PBXFileReference; lastKnownFileType = sourcecode.swift; path = SubscriberEvent.swift; sourceTree = "<group>"; };
		1807958F25A4AF040026F4C1 /* ResolutionConstraints.swift */ = {isa = PBXFileReference; fileEncoding = 4; lastKnownFileType = sourcecode.swift; path = ResolutionConstraints.swift; sourceTree = "<group>"; };
		180795C825A4AF790026F4C1 /* ResolutionPolicy.swift */ = {isa = PBXFileReference; fileEncoding = 4; lastKnownFileType = sourcecode.swift; path = ResolutionPolicy.swift; sourceTree = "<group>"; };
		180795C925A4AF790026F4C1 /* Accuracy.swift */ = {isa = PBXFileReference; fileEncoding = 4; lastKnownFileType = sourcecode.swift; path = Accuracy.swift; sourceTree = "<group>"; };
		180795CA25A4AF790026F4C1 /* Resolution.swift */ = {isa = PBXFileReference; fileEncoding = 4; lastKnownFileType = sourcecode.swift; path = Resolution.swift; sourceTree = "<group>"; };
		180795D625A4AFA80026F4C1 /* Proximity.swift */ = {isa = PBXFileReference; fileEncoding = 4; lastKnownFileType = sourcecode.swift; path = Proximity.swift; sourceTree = "<group>"; };
		180795F525A4AFF50026F4C1 /* TrackableResolutionRequest.swift */ = {isa = PBXFileReference; fileEncoding = 4; lastKnownFileType = sourcecode.swift; path = TrackableResolutionRequest.swift; sourceTree = "<group>"; };
		180F60AD258632740014B310 /* Subscriber.framework */ = {isa = PBXFileReference; explicitFileType = wrapper.framework; includeInIndex = 0; path = Subscriber.framework; sourceTree = BUILT_PRODUCTS_DIR; };
		180F60B0258632740014B310 /* Subscriber.h */ = {isa = PBXFileReference; lastKnownFileType = sourcecode.c.h; path = Subscriber.h; sourceTree = "<group>"; };
		180F60B1258632740014B310 /* Info.plist */ = {isa = PBXFileReference; lastKnownFileType = text.plist.xml; path = Info.plist; sourceTree = "<group>"; };
		180F612F2586332B0014B310 /* SubscriberTests.xctest */ = {isa = PBXFileReference; explicitFileType = wrapper.cfbundle; includeInIndex = 0; path = SubscriberTests.xctest; sourceTree = BUILT_PRODUCTS_DIR; };
		180F61312586332B0014B310 /* SubscriberTests.swift */ = {isa = PBXFileReference; lastKnownFileType = sourcecode.swift; path = SubscriberTests.swift; sourceTree = "<group>"; };
		180F61332586332B0014B310 /* Info.plist */ = {isa = PBXFileReference; lastKnownFileType = text.plist.xml; path = Info.plist; sourceTree = "<group>"; };
		180F617D258634290014B310 /* DefaultSubscriber.swift */ = {isa = PBXFileReference; fileEncoding = 4; lastKnownFileType = sourcecode.swift; path = DefaultSubscriber.swift; sourceTree = "<group>"; };
		180F617F258634290014B310 /* AblySubscriberService.swift */ = {isa = PBXFileReference; fileEncoding = 4; lastKnownFileType = sourcecode.swift; path = AblySubscriberService.swift; sourceTree = "<group>"; };
		180F6180258634290014B310 /* SubscriberBuilder.swift */ = {isa = PBXFileReference; fileEncoding = 4; lastKnownFileType = sourcecode.swift; path = SubscriberBuilder.swift; sourceTree = "<group>"; };
		184E875625877E9C000DF408 /* Core.framework */ = {isa = PBXFileReference; explicitFileType = wrapper.framework; path = Core.framework; sourceTree = BUILT_PRODUCTS_DIR; };
		184E87F225878906000DF408 /* Core.framework */ = {isa = PBXFileReference; explicitFileType = wrapper.framework; path = Core.framework; sourceTree = BUILT_PRODUCTS_DIR; };
		185094D725889E9E00E2D2E2 /* Subscriber.swift */ = {isa = PBXFileReference; fileEncoding = 4; lastKnownFileType = sourcecode.swift; path = Subscriber.swift; sourceTree = "<group>"; };
		185094D825889E9E00E2D2E2 /* DefaultSubscriberBuilder.swift */ = {isa = PBXFileReference; fileEncoding = 4; lastKnownFileType = sourcecode.swift; path = DefaultSubscriberBuilder.swift; sourceTree = "<group>"; };
		18A4C1D225B2E2880092CC70 /* ResultHandler.swift */ = {isa = PBXFileReference; fileEncoding = 4; lastKnownFileType = sourcecode.swift; path = ResultHandler.swift; sourceTree = "<group>"; };
		18FCE1F2258B8336005BC480 /* ConnectionConfiguration.swift */ = {isa = PBXFileReference; fileEncoding = 4; lastKnownFileType = sourcecode.swift; path = ConnectionConfiguration.swift; sourceTree = "<group>"; };
		18FCE1F3258B8336005BC480 /* Trackable.swift */ = {isa = PBXFileReference; fileEncoding = 4; lastKnownFileType = sourcecode.swift; path = Trackable.swift; sourceTree = "<group>"; };
		18FCE1F5258B8336005BC480 /* LogConfiguration.swift */ = {isa = PBXFileReference; fileEncoding = 4; lastKnownFileType = sourcecode.swift; path = LogConfiguration.swift; sourceTree = "<group>"; };
		18FCE1F8258B8336005BC480 /* GeoJSONMessage.swift */ = {isa = PBXFileReference; fileEncoding = 4; lastKnownFileType = sourcecode.swift; path = GeoJSONMessage.swift; sourceTree = "<group>"; };
		18FCE1F9258B8336005BC480 /* GeoJSONGeometry.swift */ = {isa = PBXFileReference; fileEncoding = 4; lastKnownFileType = sourcecode.swift; path = GeoJSONGeometry.swift; sourceTree = "<group>"; };
		18FCE1FA258B8336005BC480 /* GeoJSONProperties.swift */ = {isa = PBXFileReference; fileEncoding = 4; lastKnownFileType = sourcecode.swift; path = GeoJSONProperties.swift; sourceTree = "<group>"; };
		18FCE1FB258B8336005BC480 /* GeoJSONType.swift */ = {isa = PBXFileReference; fileEncoding = 4; lastKnownFileType = sourcecode.swift; path = GeoJSONType.swift; sourceTree = "<group>"; };
		18FCE1FC258B8336005BC480 /* PresenceData.swift */ = {isa = PBXFileReference; fileEncoding = 4; lastKnownFileType = sourcecode.swift; path = PresenceData.swift; sourceTree = "<group>"; };
		18FCE1FD258B8336005BC480 /* EventName.swift */ = {isa = PBXFileReference; fileEncoding = 4; lastKnownFileType = sourcecode.swift; path = EventName.swift; sourceTree = "<group>"; };
		18FCE200258B8336005BC480 /* Decodable+FromJSONString.swift */ = {isa = PBXFileReference; fileEncoding = 4; lastKnownFileType = sourcecode.swift; path = "Decodable+FromJSONString.swift"; sourceTree = "<group>"; };
		18FCE201258B8336005BC480 /* Codable+EncodedString.swift */ = {isa = PBXFileReference; fileEncoding = 4; lastKnownFileType = sourcecode.swift; path = "Codable+EncodedString.swift"; sourceTree = "<group>"; };
		18FCE202258B8336005BC480 /* UnimplementedSupport.swift */ = {isa = PBXFileReference; fileEncoding = 4; lastKnownFileType = sourcecode.swift; path = UnimplementedSupport.swift; sourceTree = "<group>"; };
		22FFAB8B0C6913B4171922D1 /* Pods-asset_tracking-Subscriber.release.xcconfig */ = {isa = PBXFileReference; includeInIndex = 1; lastKnownFileType = text.xcconfig; name = "Pods-asset_tracking-Subscriber.release.xcconfig"; path = "Target Support Files/Pods-asset_tracking-Subscriber/Pods-asset_tracking-Subscriber.release.xcconfig"; sourceTree = "<group>"; };
		2B94C2AA15165F9680C282FE /* Pods_asset_tracking_Subscriber.framework */ = {isa = PBXFileReference; explicitFileType = wrapper.framework; includeInIndex = 0; path = Pods_asset_tracking_Subscriber.framework; sourceTree = BUILT_PRODUCTS_DIR; };
		8CCB14452A0115A255689664 /* Pods_asset_tracking_SubscriberTests.framework */ = {isa = PBXFileReference; explicitFileType = wrapper.framework; includeInIndex = 0; path = Pods_asset_tracking_SubscriberTests.framework; sourceTree = BUILT_PRODUCTS_DIR; };
		8E84C9527E90EEB26AA8FE61 /* Pods-asset_tracking-Subscriber.debug.xcconfig */ = {isa = PBXFileReference; includeInIndex = 1; lastKnownFileType = text.xcconfig; name = "Pods-asset_tracking-Subscriber.debug.xcconfig"; path = "Target Support Files/Pods-asset_tracking-Subscriber/Pods-asset_tracking-Subscriber.debug.xcconfig"; sourceTree = "<group>"; };
		A243740C463C9796525DDC55 /* Pods-Subscriber.release.xcconfig */ = {isa = PBXFileReference; includeInIndex = 1; lastKnownFileType = text.xcconfig; name = "Pods-Subscriber.release.xcconfig"; path = "Target Support Files/Pods-Subscriber/Pods-Subscriber.release.xcconfig"; sourceTree = "<group>"; };
		A77BDA31C9F103BB99CE1A31 /* Pods-Subscriber.debug.xcconfig */ = {isa = PBXFileReference; includeInIndex = 1; lastKnownFileType = text.xcconfig; name = "Pods-Subscriber.debug.xcconfig"; path = "Target Support Files/Pods-Subscriber/Pods-Subscriber.debug.xcconfig"; sourceTree = "<group>"; };
		B0C194B8C93C37753B28F4C4 /* Pods-SubscriberTests.debug.xcconfig */ = {isa = PBXFileReference; includeInIndex = 1; lastKnownFileType = text.xcconfig; name = "Pods-SubscriberTests.debug.xcconfig"; path = "Target Support Files/Pods-SubscriberTests/Pods-SubscriberTests.debug.xcconfig"; sourceTree = "<group>"; };
		B35382D91FBE9FB98C137BB8 /* Pods-asset_tracking-SubscriberTests.debug.xcconfig */ = {isa = PBXFileReference; includeInIndex = 1; lastKnownFileType = text.xcconfig; name = "Pods-asset_tracking-SubscriberTests.debug.xcconfig"; path = "Target Support Files/Pods-asset_tracking-SubscriberTests/Pods-asset_tracking-SubscriberTests.debug.xcconfig"; sourceTree = "<group>"; };
		DACEA3FB594D43A74240A868 /* Pods-SubscriberTests.release.xcconfig */ = {isa = PBXFileReference; includeInIndex = 1; lastKnownFileType = text.xcconfig; name = "Pods-SubscriberTests.release.xcconfig"; path = "Target Support Files/Pods-SubscriberTests/Pods-SubscriberTests.release.xcconfig"; sourceTree = "<group>"; };
		F65AC34825AF3E41002799BD /* RoutingProfile.swift */ = {isa = PBXFileReference; fileEncoding = 4; lastKnownFileType = sourcecode.swift; path = RoutingProfile.swift; sourceTree = "<group>"; };
		F65C5CBC25CAB50500913A09 /* LocationUpdate.swift */ = {isa = PBXFileReference; fileEncoding = 4; lastKnownFileType = sourcecode.swift; path = LocationUpdate.swift; sourceTree = "<group>"; };
		F6A2D02D25CC2A34008D44F7 /* ErrorInformation.swift */ = {isa = PBXFileReference; fileEncoding = 4; lastKnownFileType = sourcecode.swift; path = ErrorInformation.swift; sourceTree = "<group>"; };
		F6A2D03425CC2B7E008D44F7 /* ARTErrorInfo+Extensions.swift */ = {isa = PBXFileReference; lastKnownFileType = sourcecode.swift; path = "ARTErrorInfo+Extensions.swift"; sourceTree = "<group>"; };
		F6D4CFD625D6752F0071A6A9 /* SubscriberFactory.swift */ = {isa = PBXFileReference; lastKnownFileType = sourcecode.swift; path = SubscriberFactory.swift; sourceTree = "<group>"; };
		F6D4CFDC25D675C90071A6A9 /* SubscriberDelegate.swift */ = {isa = PBXFileReference; lastKnownFileType = sourcecode.swift; path = SubscriberDelegate.swift; sourceTree = "<group>"; };
		F6D4CFE225D676550071A6A9 /* AssetConnectionStatus.swift */ = {isa = PBXFileReference; lastKnownFileType = sourcecode.swift; path = AssetConnectionStatus.swift; sourceTree = "<group>"; };
/* End PBXFileReference section */

/* Begin PBXFrameworksBuildPhase section */
		180F60AA258632740014B310 /* Frameworks */ = {
			isa = PBXFrameworksBuildPhase;
			buildActionMask = 2147483647;
			files = (
				2375C3D9FBC87E4236B66FA6 /* Pods_asset_tracking_Subscriber.framework in Frameworks */,
			);
			runOnlyForDeploymentPostprocessing = 0;
		};
		180F612C2586332B0014B310 /* Frameworks */ = {
			isa = PBXFrameworksBuildPhase;
			buildActionMask = 2147483647;
			files = (
				180F61342586332B0014B310 /* Subscriber.framework in Frameworks */,
				1F9298B18A4CD0599098401B /* Pods_asset_tracking_SubscriberTests.framework in Frameworks */,
			);
			runOnlyForDeploymentPostprocessing = 0;
		};
/* End PBXFrameworksBuildPhase section */

/* Begin PBXGroup section */
		1807958E25A4AF040026F4C1 /* ResolutionPolicy */ = {
			isa = PBXGroup;
			children = (
				180795F525A4AFF50026F4C1 /* TrackableResolutionRequest.swift */,
				180795D625A4AFA80026F4C1 /* Proximity.swift */,
				180795C925A4AF790026F4C1 /* Accuracy.swift */,
				180795CA25A4AF790026F4C1 /* Resolution.swift */,
				180795C825A4AF790026F4C1 /* ResolutionPolicy.swift */,
				1807958F25A4AF040026F4C1 /* ResolutionConstraints.swift */,
			);
			name = ResolutionPolicy;
			path = ../../Core/Sources/ResolutionPolicy;
			sourceTree = "<group>";
		};
		180F60A3258632740014B310 = {
			isa = PBXGroup;
			children = (
				180F60AF258632740014B310 /* Sources */,
				180F61302586332B0014B310 /* Tests */,
				180F60AE258632740014B310 /* Products */,
				9B627571DD4C0A47013DA4AB /* Pods */,
				D5C6911A2677C8E7B83EA9E0 /* Frameworks */,
			);
			sourceTree = "<group>";
		};
		180F60AE258632740014B310 /* Products */ = {
			isa = PBXGroup;
			children = (
				180F60AD258632740014B310 /* Subscriber.framework */,
				180F612F2586332B0014B310 /* SubscriberTests.xctest */,
			);
			name = Products;
			sourceTree = "<group>";
		};
		180F60AF258632740014B310 /* Sources */ = {
			isa = PBXGroup;
			children = (
				F6A2D03325CC2B4B008D44F7 /* Extensions */,
				18FCE1F0258B8321005BC480 /* Common */,
				180F617E258634290014B310 /* Services */,
				185094D725889E9E00E2D2E2 /* Subscriber.swift */,
				F6D4CFDC25D675C90071A6A9 /* SubscriberDelegate.swift */,
				F6D4CFD625D6752F0071A6A9 /* SubscriberFactory.swift */,
				180F6180258634290014B310 /* SubscriberBuilder.swift */,
				180375202599E8AA001387BA /* SubscriberEvent.swift */,
				185094D825889E9E00E2D2E2 /* DefaultSubscriberBuilder.swift */,
				180F617D258634290014B310 /* DefaultSubscriber.swift */,
				F6D4CFE225D676550071A6A9 /* AssetConnectionStatus.swift */,
				180F60B0258632740014B310 /* Subscriber.h */,
				180F60B1258632740014B310 /* Info.plist */,
			);
			path = Sources;
			sourceTree = "<group>";
		};
		180F61302586332B0014B310 /* Tests */ = {
			isa = PBXGroup;
			children = (
				180F61312586332B0014B310 /* SubscriberTests.swift */,
				180F61332586332B0014B310 /* Info.plist */,
			);
			path = Tests;
			sourceTree = "<group>";
		};
		180F617E258634290014B310 /* Services */ = {
			isa = PBXGroup;
			children = (
				180F617F258634290014B310 /* AblySubscriberService.swift */,
			);
			path = Services;
			sourceTree = "<group>";
		};
		18FCE1F0258B8321005BC480 /* Common */ = {
			isa = PBXGroup;
			children = (
				1807958E25A4AF040026F4C1 /* ResolutionPolicy */,
				18FCE1F1258B8336005BC480 /* Configuration */,
				18FCE1F6258B8336005BC480 /* Model */,
				18FCE1FF258B8336005BC480 /* Utils */,
			);
			name = Common;
			sourceTree = "<group>";
		};
		18FCE1F1258B8336005BC480 /* Configuration */ = {
			isa = PBXGroup;
			children = (
				F65AC34825AF3E41002799BD /* RoutingProfile.swift */,
				18FCE1F2258B8336005BC480 /* ConnectionConfiguration.swift */,
				18FCE1F3258B8336005BC480 /* Trackable.swift */,
				18FCE1F5258B8336005BC480 /* LogConfiguration.swift */,
			);
			name = Configuration;
			path = ../../Core/Sources/Configuration;
			sourceTree = "<group>";
		};
		18FCE1F6258B8336005BC480 /* Model */ = {
			isa = PBXGroup;
			children = (
				18FCE1F7258B8336005BC480 /* GeoJSON */,
				18FCE1FC258B8336005BC480 /* PresenceData.swift */,
				18FCE1FD258B8336005BC480 /* EventName.swift */,
				F65C5CBC25CAB50500913A09 /* LocationUpdate.swift */,
				F6A2D02D25CC2A34008D44F7 /* ErrorInformation.swift */,
			);
			name = Model;
			path = ../../Core/Sources/Model;
			sourceTree = "<group>";
		};
		18FCE1F7258B8336005BC480 /* GeoJSON */ = {
			isa = PBXGroup;
			children = (
				18FCE1F8258B8336005BC480 /* GeoJSONMessage.swift */,
				18FCE1F9258B8336005BC480 /* GeoJSONGeometry.swift */,
				18FCE1FA258B8336005BC480 /* GeoJSONProperties.swift */,
				18FCE1FB258B8336005BC480 /* GeoJSONType.swift */,
			);
			path = GeoJSON;
			sourceTree = "<group>";
		};
		18FCE1FF258B8336005BC480 /* Utils */ = {
			isa = PBXGroup;
			children = (
				18A4C1D225B2E2880092CC70 /* ResultHandler.swift */,
				18FCE200258B8336005BC480 /* Decodable+FromJSONString.swift */,
				18FCE201258B8336005BC480 /* Codable+EncodedString.swift */,
				18FCE202258B8336005BC480 /* UnimplementedSupport.swift */,
			);
			name = Utils;
			path = ../../Core/Sources/Utils;
			sourceTree = "<group>";
		};
		9B627571DD4C0A47013DA4AB /* Pods */ = {
			isa = PBXGroup;
			children = (
				A77BDA31C9F103BB99CE1A31 /* Pods-Subscriber.debug.xcconfig */,
				A243740C463C9796525DDC55 /* Pods-Subscriber.release.xcconfig */,
				B0C194B8C93C37753B28F4C4 /* Pods-SubscriberTests.debug.xcconfig */,
				DACEA3FB594D43A74240A868 /* Pods-SubscriberTests.release.xcconfig */,
				8E84C9527E90EEB26AA8FE61 /* Pods-asset_tracking-Subscriber.debug.xcconfig */,
				22FFAB8B0C6913B4171922D1 /* Pods-asset_tracking-Subscriber.release.xcconfig */,
				B35382D91FBE9FB98C137BB8 /* Pods-asset_tracking-SubscriberTests.debug.xcconfig */,
				0552628DD6ED2E541A84E89A /* Pods-asset_tracking-SubscriberTests.release.xcconfig */,
			);
			name = Pods;
			path = ../Pods;
			sourceTree = "<group>";
		};
		D5C6911A2677C8E7B83EA9E0 /* Frameworks */ = {
			isa = PBXGroup;
			children = (
				184E87F225878906000DF408 /* Core.framework */,
				184E875625877E9C000DF408 /* Core.framework */,
				2B94C2AA15165F9680C282FE /* Pods_asset_tracking_Subscriber.framework */,
				8CCB14452A0115A255689664 /* Pods_asset_tracking_SubscriberTests.framework */,
			);
			name = Frameworks;
			sourceTree = "<group>";
		};
		F6A2D03325CC2B4B008D44F7 /* Extensions */ = {
			isa = PBXGroup;
			children = (
				F6A2D03425CC2B7E008D44F7 /* ARTErrorInfo+Extensions.swift */,
			);
			path = Extensions;
			sourceTree = "<group>";
		};
/* End PBXGroup section */

/* Begin PBXHeadersBuildPhase section */
		180F60A8258632740014B310 /* Headers */ = {
			isa = PBXHeadersBuildPhase;
			buildActionMask = 2147483647;
			files = (
				180F60BE258632750014B310 /* Subscriber.h in Headers */,
			);
			runOnlyForDeploymentPostprocessing = 0;
		};
/* End PBXHeadersBuildPhase section */

/* Begin PBXNativeTarget section */
		180F60AC258632740014B310 /* Subscriber */ = {
			isa = PBXNativeTarget;
			buildConfigurationList = 180F60C1258632750014B310 /* Build configuration list for PBXNativeTarget "Subscriber" */;
			buildPhases = (
				E2D6A39CE565CE8692BB0498 /* [CP] Check Pods Manifest.lock */,
				180F60A8258632740014B310 /* Headers */,
				183BE6AF2588A59E0097A30B /* Run SwiftLint */,
				180F60A9258632740014B310 /* Sources */,
				180F60AA258632740014B310 /* Frameworks */,
				180F60AB258632740014B310 /* Resources */,
			);
			buildRules = (
			);
			dependencies = (
			);
			name = Subscriber;
			productName = Subscriber;
			productReference = 180F60AD258632740014B310 /* Subscriber.framework */;
			productType = "com.apple.product-type.framework";
		};
		180F612E2586332B0014B310 /* SubscriberTests */ = {
			isa = PBXNativeTarget;
			buildConfigurationList = 180F61372586332B0014B310 /* Build configuration list for PBXNativeTarget "SubscriberTests" */;
			buildPhases = (
				FCAE57FCF4D497A63466D49B /* [CP] Check Pods Manifest.lock */,
				180F612B2586332B0014B310 /* Sources */,
				180F612C2586332B0014B310 /* Frameworks */,
				180F612D2586332B0014B310 /* Resources */,
				FE7C569471CD64A9452C882E /* [CP] Embed Pods Frameworks */,
			);
			buildRules = (
			);
			dependencies = (
				180F61362586332B0014B310 /* PBXTargetDependency */,
			);
			name = SubscriberTests;
			productName = SubscriberTests;
			productReference = 180F612F2586332B0014B310 /* SubscriberTests.xctest */;
			productType = "com.apple.product-type.bundle.unit-test";
		};
/* End PBXNativeTarget section */

/* Begin PBXProject section */
		180F60A4258632740014B310 /* Project object */ = {
			isa = PBXProject;
			attributes = {
				LastSwiftUpdateCheck = 1220;
				LastUpgradeCheck = 1220;
				TargetAttributes = {
					180F60AC258632740014B310 = {
						CreatedOnToolsVersion = 12.2;
					};
					180F612E2586332B0014B310 = {
						CreatedOnToolsVersion = 12.2;
					};
				};
			};
			buildConfigurationList = 180F60A7258632740014B310 /* Build configuration list for PBXProject "Subscriber" */;
			compatibilityVersion = "Xcode 9.3";
			developmentRegion = en;
			hasScannedForEncodings = 0;
			knownRegions = (
				en,
				Base,
			);
			mainGroup = 180F60A3258632740014B310;
			productRefGroup = 180F60AE258632740014B310 /* Products */;
			projectDirPath = "";
			projectRoot = "";
			targets = (
				180F60AC258632740014B310 /* Subscriber */,
				180F612E2586332B0014B310 /* SubscriberTests */,
			);
		};
/* End PBXProject section */

/* Begin PBXResourcesBuildPhase section */
		180F60AB258632740014B310 /* Resources */ = {
			isa = PBXResourcesBuildPhase;
			buildActionMask = 2147483647;
			files = (
			);
			runOnlyForDeploymentPostprocessing = 0;
		};
		180F612D2586332B0014B310 /* Resources */ = {
			isa = PBXResourcesBuildPhase;
			buildActionMask = 2147483647;
			files = (
			);
			runOnlyForDeploymentPostprocessing = 0;
		};
/* End PBXResourcesBuildPhase section */

/* Begin PBXShellScriptBuildPhase section */
		183BE6AF2588A59E0097A30B /* Run SwiftLint */ = {
			isa = PBXShellScriptBuildPhase;
			buildActionMask = 2147483647;
			files = (
			);
			inputFileListPaths = (
			);
			inputPaths = (
			);
			name = "Run SwiftLint";
			outputFileListPaths = (
			);
			outputPaths = (
			);
			runOnlyForDeploymentPostprocessing = 0;
			shellPath = /bin/sh;
			shellScript = "${PODS_ROOT}/SwiftLint/swiftlint --config ../.swiftlint.yml --path ./Sources\n";
		};
		E2D6A39CE565CE8692BB0498 /* [CP] Check Pods Manifest.lock */ = {
			isa = PBXShellScriptBuildPhase;
			buildActionMask = 2147483647;
			files = (
			);
			inputFileListPaths = (
			);
			inputPaths = (
				"${PODS_PODFILE_DIR_PATH}/Podfile.lock",
				"${PODS_ROOT}/Manifest.lock",
			);
			name = "[CP] Check Pods Manifest.lock";
			outputFileListPaths = (
			);
			outputPaths = (
				"$(DERIVED_FILE_DIR)/Pods-asset_tracking-Subscriber-checkManifestLockResult.txt",
			);
			runOnlyForDeploymentPostprocessing = 0;
			shellPath = /bin/sh;
			shellScript = "diff \"${PODS_PODFILE_DIR_PATH}/Podfile.lock\" \"${PODS_ROOT}/Manifest.lock\" > /dev/null\nif [ $? != 0 ] ; then\n    # print error to STDERR\n    echo \"error: The sandbox is not in sync with the Podfile.lock. Run 'pod install' or update your CocoaPods installation.\" >&2\n    exit 1\nfi\n# This output is used by Xcode 'outputs' to avoid re-running this script phase.\necho \"SUCCESS\" > \"${SCRIPT_OUTPUT_FILE_0}\"\n";
			showEnvVarsInLog = 0;
		};
		FCAE57FCF4D497A63466D49B /* [CP] Check Pods Manifest.lock */ = {
			isa = PBXShellScriptBuildPhase;
			buildActionMask = 2147483647;
			files = (
			);
			inputFileListPaths = (
			);
			inputPaths = (
				"${PODS_PODFILE_DIR_PATH}/Podfile.lock",
				"${PODS_ROOT}/Manifest.lock",
			);
			name = "[CP] Check Pods Manifest.lock";
			outputFileListPaths = (
			);
			outputPaths = (
				"$(DERIVED_FILE_DIR)/Pods-asset_tracking-SubscriberTests-checkManifestLockResult.txt",
			);
			runOnlyForDeploymentPostprocessing = 0;
			shellPath = /bin/sh;
			shellScript = "diff \"${PODS_PODFILE_DIR_PATH}/Podfile.lock\" \"${PODS_ROOT}/Manifest.lock\" > /dev/null\nif [ $? != 0 ] ; then\n    # print error to STDERR\n    echo \"error: The sandbox is not in sync with the Podfile.lock. Run 'pod install' or update your CocoaPods installation.\" >&2\n    exit 1\nfi\n# This output is used by Xcode 'outputs' to avoid re-running this script phase.\necho \"SUCCESS\" > \"${SCRIPT_OUTPUT_FILE_0}\"\n";
			showEnvVarsInLog = 0;
		};
		FE7C569471CD64A9452C882E /* [CP] Embed Pods Frameworks */ = {
			isa = PBXShellScriptBuildPhase;
			buildActionMask = 2147483647;
			files = (
			);
			inputFileListPaths = (
				"${PODS_ROOT}/Target Support Files/Pods-asset_tracking-SubscriberTests/Pods-asset_tracking-SubscriberTests-frameworks-${CONFIGURATION}-input-files.xcfilelist",
			);
			name = "[CP] Embed Pods Frameworks";
			outputFileListPaths = (
				"${PODS_ROOT}/Target Support Files/Pods-asset_tracking-SubscriberTests/Pods-asset_tracking-SubscriberTests-frameworks-${CONFIGURATION}-output-files.xcfilelist",
			);
			runOnlyForDeploymentPostprocessing = 0;
			shellPath = /bin/sh;
			shellScript = "\"${PODS_ROOT}/Target Support Files/Pods-asset_tracking-SubscriberTests/Pods-asset_tracking-SubscriberTests-frameworks.sh\"\n";
			showEnvVarsInLog = 0;
		};
/* End PBXShellScriptBuildPhase section */

/* Begin PBXSourcesBuildPhase section */
		180F60A9258632740014B310 /* Sources */ = {
			isa = PBXSourcesBuildPhase;
			buildActionMask = 2147483647;
			files = (
				18FCE20E258B8336005BC480 /* Decodable+FromJSONString.swift in Sources */,
				18FCE20C258B8336005BC480 /* EventName.swift in Sources */,
				180795CB25A4AF790026F4C1 /* ResolutionPolicy.swift in Sources */,
				180795F625A4AFF50026F4C1 /* TrackableResolutionRequest.swift in Sources */,
				18FCE20A258B8336005BC480 /* GeoJSONType.swift in Sources */,
				18FCE208258B8336005BC480 /* GeoJSONGeometry.swift in Sources */,
				F6A2D03525CC2B7E008D44F7 /* ARTErrorInfo+Extensions.swift in Sources */,
				F65AC34925AF3E41002799BD /* RoutingProfile.swift in Sources */,
				180F6183258634290014B310 /* AblySubscriberService.swift in Sources */,
				18FCE204258B8336005BC480 /* Trackable.swift in Sources */,
				F6D4CFE325D676550071A6A9 /* AssetConnectionStatus.swift in Sources */,
				18FCE209258B8336005BC480 /* GeoJSONProperties.swift in Sources */,
				18FCE210258B8336005BC480 /* UnimplementedSupport.swift in Sources */,
				F6D4CFD725D6752F0071A6A9 /* SubscriberFactory.swift in Sources */,
				F6D4CFDD25D675C90071A6A9 /* SubscriberDelegate.swift in Sources */,
				1807959025A4AF040026F4C1 /* ResolutionConstraints.swift in Sources */,
				18FCE20B258B8336005BC480 /* PresenceData.swift in Sources */,
				18A4C1D325B2E2880092CC70 /* ResultHandler.swift in Sources */,
				180F6184258634290014B310 /* SubscriberBuilder.swift in Sources */,
				18FCE206258B8336005BC480 /* LogConfiguration.swift in Sources */,
				180795CD25A4AF790026F4C1 /* Resolution.swift in Sources */,
				18FCE203258B8336005BC480 /* ConnectionConfiguration.swift in Sources */,
				180375212599E8AA001387BA /* SubscriberEvent.swift in Sources */,
				180795D725A4AFA80026F4C1 /* Proximity.swift in Sources */,
				180F6182258634290014B310 /* DefaultSubscriber.swift in Sources */,
				18FCE20F258B8336005BC480 /* Codable+EncodedString.swift in Sources */,
				185094DA25889E9E00E2D2E2 /* DefaultSubscriberBuilder.swift in Sources */,
				185094D925889E9E00E2D2E2 /* Subscriber.swift in Sources */,
				180795CC25A4AF790026F4C1 /* Accuracy.swift in Sources */,
				F6A2D02E25CC2A34008D44F7 /* ErrorInformation.swift in Sources */,
				18FCE207258B8336005BC480 /* GeoJSONMessage.swift in Sources */,
				F65C5CBD25CAB50500913A09 /* LocationUpdate.swift in Sources */,
			);
			runOnlyForDeploymentPostprocessing = 0;
		};
		180F612B2586332B0014B310 /* Sources */ = {
			isa = PBXSourcesBuildPhase;
			buildActionMask = 2147483647;
			files = (
				180F61322586332B0014B310 /* SubscriberTests.swift in Sources */,
			);
			runOnlyForDeploymentPostprocessing = 0;
		};
/* End PBXSourcesBuildPhase section */

/* Begin PBXTargetDependency section */
		180F61362586332B0014B310 /* PBXTargetDependency */ = {
			isa = PBXTargetDependency;
			target = 180F60AC258632740014B310 /* Subscriber */;
			targetProxy = 180F61352586332B0014B310 /* PBXContainerItemProxy */;
		};
/* End PBXTargetDependency section */

/* Begin XCBuildConfiguration section */
		180F60BF258632750014B310 /* Debug */ = {
			isa = XCBuildConfiguration;
			buildSettings = {
				ALWAYS_SEARCH_USER_PATHS = NO;
				CLANG_ANALYZER_NONNULL = YES;
				CLANG_ANALYZER_NUMBER_OBJECT_CONVERSION = YES_AGGRESSIVE;
				CLANG_CXX_LANGUAGE_STANDARD = "gnu++14";
				CLANG_CXX_LIBRARY = "libc++";
				CLANG_ENABLE_MODULES = YES;
				CLANG_ENABLE_OBJC_ARC = YES;
				CLANG_ENABLE_OBJC_WEAK = YES;
				CLANG_WARN_BLOCK_CAPTURE_AUTORELEASING = YES;
				CLANG_WARN_BOOL_CONVERSION = YES;
				CLANG_WARN_COMMA = YES;
				CLANG_WARN_CONSTANT_CONVERSION = YES;
				CLANG_WARN_DEPRECATED_OBJC_IMPLEMENTATIONS = YES;
				CLANG_WARN_DIRECT_OBJC_ISA_USAGE = YES_ERROR;
				CLANG_WARN_DOCUMENTATION_COMMENTS = YES;
				CLANG_WARN_EMPTY_BODY = YES;
				CLANG_WARN_ENUM_CONVERSION = YES;
				CLANG_WARN_INFINITE_RECURSION = YES;
				CLANG_WARN_INT_CONVERSION = YES;
				CLANG_WARN_NON_LITERAL_NULL_CONVERSION = YES;
				CLANG_WARN_OBJC_IMPLICIT_RETAIN_SELF = YES;
				CLANG_WARN_OBJC_LITERAL_CONVERSION = YES;
				CLANG_WARN_OBJC_ROOT_CLASS = YES_ERROR;
				CLANG_WARN_QUOTED_INCLUDE_IN_FRAMEWORK_HEADER = YES;
				CLANG_WARN_RANGE_LOOP_ANALYSIS = YES;
				CLANG_WARN_STRICT_PROTOTYPES = YES;
				CLANG_WARN_SUSPICIOUS_MOVE = YES;
				CLANG_WARN_UNGUARDED_AVAILABILITY = YES_AGGRESSIVE;
				CLANG_WARN_UNREACHABLE_CODE = YES;
				CLANG_WARN__DUPLICATE_METHOD_MATCH = YES;
				COPY_PHASE_STRIP = NO;
				CURRENT_PROJECT_VERSION = 1;
				DEBUG_INFORMATION_FORMAT = dwarf;
				ENABLE_STRICT_OBJC_MSGSEND = YES;
				ENABLE_TESTABILITY = YES;
				GCC_C_LANGUAGE_STANDARD = gnu11;
				GCC_DYNAMIC_NO_PIC = NO;
				GCC_NO_COMMON_BLOCKS = YES;
				GCC_OPTIMIZATION_LEVEL = 0;
				GCC_PREPROCESSOR_DEFINITIONS = (
					"DEBUG=1",
					"$(inherited)",
				);
				GCC_WARN_64_TO_32_BIT_CONVERSION = YES;
				GCC_WARN_ABOUT_RETURN_TYPE = YES_ERROR;
				GCC_WARN_UNDECLARED_SELECTOR = YES;
				GCC_WARN_UNINITIALIZED_AUTOS = YES_AGGRESSIVE;
				GCC_WARN_UNUSED_FUNCTION = YES;
				GCC_WARN_UNUSED_VARIABLE = YES;
				IPHONEOS_DEPLOYMENT_TARGET = 12.0;
				MTL_ENABLE_DEBUG_INFO = INCLUDE_SOURCE;
				MTL_FAST_MATH = YES;
				ONLY_ACTIVE_ARCH = YES;
				SDKROOT = iphoneos;
				SWIFT_ACTIVE_COMPILATION_CONDITIONS = DEBUG;
				SWIFT_OPTIMIZATION_LEVEL = "-Onone";
				VERSIONING_SYSTEM = "apple-generic";
				VERSION_INFO_PREFIX = "";
			};
			name = Debug;
		};
		180F60C0258632750014B310 /* Release */ = {
			isa = XCBuildConfiguration;
			buildSettings = {
				ALWAYS_SEARCH_USER_PATHS = NO;
				CLANG_ANALYZER_NONNULL = YES;
				CLANG_ANALYZER_NUMBER_OBJECT_CONVERSION = YES_AGGRESSIVE;
				CLANG_CXX_LANGUAGE_STANDARD = "gnu++14";
				CLANG_CXX_LIBRARY = "libc++";
				CLANG_ENABLE_MODULES = YES;
				CLANG_ENABLE_OBJC_ARC = YES;
				CLANG_ENABLE_OBJC_WEAK = YES;
				CLANG_WARN_BLOCK_CAPTURE_AUTORELEASING = YES;
				CLANG_WARN_BOOL_CONVERSION = YES;
				CLANG_WARN_COMMA = YES;
				CLANG_WARN_CONSTANT_CONVERSION = YES;
				CLANG_WARN_DEPRECATED_OBJC_IMPLEMENTATIONS = YES;
				CLANG_WARN_DIRECT_OBJC_ISA_USAGE = YES_ERROR;
				CLANG_WARN_DOCUMENTATION_COMMENTS = YES;
				CLANG_WARN_EMPTY_BODY = YES;
				CLANG_WARN_ENUM_CONVERSION = YES;
				CLANG_WARN_INFINITE_RECURSION = YES;
				CLANG_WARN_INT_CONVERSION = YES;
				CLANG_WARN_NON_LITERAL_NULL_CONVERSION = YES;
				CLANG_WARN_OBJC_IMPLICIT_RETAIN_SELF = YES;
				CLANG_WARN_OBJC_LITERAL_CONVERSION = YES;
				CLANG_WARN_OBJC_ROOT_CLASS = YES_ERROR;
				CLANG_WARN_QUOTED_INCLUDE_IN_FRAMEWORK_HEADER = YES;
				CLANG_WARN_RANGE_LOOP_ANALYSIS = YES;
				CLANG_WARN_STRICT_PROTOTYPES = YES;
				CLANG_WARN_SUSPICIOUS_MOVE = YES;
				CLANG_WARN_UNGUARDED_AVAILABILITY = YES_AGGRESSIVE;
				CLANG_WARN_UNREACHABLE_CODE = YES;
				CLANG_WARN__DUPLICATE_METHOD_MATCH = YES;
				COPY_PHASE_STRIP = NO;
				CURRENT_PROJECT_VERSION = 1;
				DEBUG_INFORMATION_FORMAT = "dwarf-with-dsym";
				ENABLE_NS_ASSERTIONS = NO;
				ENABLE_STRICT_OBJC_MSGSEND = YES;
				GCC_C_LANGUAGE_STANDARD = gnu11;
				GCC_NO_COMMON_BLOCKS = YES;
				GCC_WARN_64_TO_32_BIT_CONVERSION = YES;
				GCC_WARN_ABOUT_RETURN_TYPE = YES_ERROR;
				GCC_WARN_UNDECLARED_SELECTOR = YES;
				GCC_WARN_UNINITIALIZED_AUTOS = YES_AGGRESSIVE;
				GCC_WARN_UNUSED_FUNCTION = YES;
				GCC_WARN_UNUSED_VARIABLE = YES;
				IPHONEOS_DEPLOYMENT_TARGET = 12.0;
				MTL_ENABLE_DEBUG_INFO = NO;
				MTL_FAST_MATH = YES;
				SDKROOT = iphoneos;
				SWIFT_COMPILATION_MODE = wholemodule;
				SWIFT_OPTIMIZATION_LEVEL = "-O";
				VALIDATE_PRODUCT = YES;
				VERSIONING_SYSTEM = "apple-generic";
				VERSION_INFO_PREFIX = "";
			};
			name = Release;
		};
		180F60C2258632750014B310 /* Debug */ = {
			isa = XCBuildConfiguration;
			baseConfigurationReference = 8E84C9527E90EEB26AA8FE61 /* Pods-asset_tracking-Subscriber.debug.xcconfig */;
			buildSettings = {
				CODE_SIGN_STYLE = Automatic;
				DEFINES_MODULE = YES;
				DYLIB_COMPATIBILITY_VERSION = 1;
				DYLIB_CURRENT_VERSION = 1;
				DYLIB_INSTALL_NAME_BASE = "@rpath";
				INFOPLIST_FILE = "$(SRCROOT)/Sources/Info.plist";
				INSTALL_PATH = "$(LOCAL_LIBRARY_DIR)/Frameworks";
				LD_RUNPATH_SEARCH_PATHS = (
					"$(inherited)",
					"@executable_path/Frameworks",
					"@loader_path/Frameworks",
				);
				PRODUCT_BUNDLE_IDENTIFIER = com.ably.tracking.Subscriber;
				PRODUCT_NAME = "$(TARGET_NAME:c99extidentifier)";
				SKIP_INSTALL = YES;
				SUPPORTS_MACCATALYST = NO;
				SWIFT_VERSION = 5.0;
				TARGETED_DEVICE_FAMILY = "1,2";
			};
			name = Debug;
		};
		180F60C3258632750014B310 /* Release */ = {
			isa = XCBuildConfiguration;
			baseConfigurationReference = 22FFAB8B0C6913B4171922D1 /* Pods-asset_tracking-Subscriber.release.xcconfig */;
			buildSettings = {
				CODE_SIGN_STYLE = Automatic;
				DEFINES_MODULE = YES;
				DYLIB_COMPATIBILITY_VERSION = 1;
				DYLIB_CURRENT_VERSION = 1;
				DYLIB_INSTALL_NAME_BASE = "@rpath";
				INFOPLIST_FILE = "$(SRCROOT)/Sources/Info.plist";
				INSTALL_PATH = "$(LOCAL_LIBRARY_DIR)/Frameworks";
				LD_RUNPATH_SEARCH_PATHS = (
					"$(inherited)",
					"@executable_path/Frameworks",
					"@loader_path/Frameworks",
				);
				PRODUCT_BUNDLE_IDENTIFIER = com.ably.tracking.Subscriber;
				PRODUCT_NAME = "$(TARGET_NAME:c99extidentifier)";
				SKIP_INSTALL = YES;
				SUPPORTS_MACCATALYST = NO;
				SWIFT_VERSION = 5.0;
				TARGETED_DEVICE_FAMILY = "1,2";
			};
			name = Release;
		};
		180F61382586332B0014B310 /* Debug */ = {
			isa = XCBuildConfiguration;
			baseConfigurationReference = B35382D91FBE9FB98C137BB8 /* Pods-asset_tracking-SubscriberTests.debug.xcconfig */;
			buildSettings = {
				CODE_SIGN_STYLE = Automatic;
				INFOPLIST_FILE = "$(SRCROOT)/Tests/Info.plist";
				LD_RUNPATH_SEARCH_PATHS = (
					"$(inherited)",
					"@executable_path/Frameworks",
					"@loader_path/Frameworks",
				);
				PRODUCT_BUNDLE_IDENTIFIER = "io.ably.asset-tracking.SubscriberTests";
				PRODUCT_NAME = "$(TARGET_NAME)";
				SWIFT_VERSION = 5.0;
				TARGETED_DEVICE_FAMILY = "1,2";
			};
			name = Debug;
		};
		180F61392586332B0014B310 /* Release */ = {
			isa = XCBuildConfiguration;
			baseConfigurationReference = 0552628DD6ED2E541A84E89A /* Pods-asset_tracking-SubscriberTests.release.xcconfig */;
			buildSettings = {
				CODE_SIGN_STYLE = Automatic;
				INFOPLIST_FILE = "$(SRCROOT)/Tests/Info.plist";
				LD_RUNPATH_SEARCH_PATHS = (
					"$(inherited)",
					"@executable_path/Frameworks",
					"@loader_path/Frameworks",
				);
				PRODUCT_BUNDLE_IDENTIFIER = "io.ably.asset-tracking.SubscriberTests";
				PRODUCT_NAME = "$(TARGET_NAME)";
				SWIFT_VERSION = 5.0;
				TARGETED_DEVICE_FAMILY = "1,2";
			};
			name = Release;
		};
/* End XCBuildConfiguration section */

/* Begin XCConfigurationList section */
		180F60A7258632740014B310 /* Build configuration list for PBXProject "Subscriber" */ = {
			isa = XCConfigurationList;
			buildConfigurations = (
				180F60BF258632750014B310 /* Debug */,
				180F60C0258632750014B310 /* Release */,
			);
			defaultConfigurationIsVisible = 0;
			defaultConfigurationName = Release;
		};
		180F60C1258632750014B310 /* Build configuration list for PBXNativeTarget "Subscriber" */ = {
			isa = XCConfigurationList;
			buildConfigurations = (
				180F60C2258632750014B310 /* Debug */,
				180F60C3258632750014B310 /* Release */,
			);
			defaultConfigurationIsVisible = 0;
			defaultConfigurationName = Release;
		};
		180F61372586332B0014B310 /* Build configuration list for PBXNativeTarget "SubscriberTests" */ = {
			isa = XCConfigurationList;
			buildConfigurations = (
				180F61382586332B0014B310 /* Debug */,
				180F61392586332B0014B310 /* Release */,
			);
			defaultConfigurationIsVisible = 0;
			defaultConfigurationName = Release;
		};
/* End XCConfigurationList section */
	};
	rootObject = 180F60A4258632740014B310 /* Project object */;
}
