// !$*UTF8*$!
{
	archiveVersion = 1;
	classes = {
	};
	objectVersion = 50;
	objects = {

/* Begin PBXBuildFile section */
		180F61BA258634420014B310 /* SettingsViewController.xib in Resources */ = {isa = PBXBuildFile; fileRef = 180F61AC258634420014B310 /* SettingsViewController.xib */; };
		180F61BB258634420014B310 /* SettingsViewController.swift in Sources */ = {isa = PBXBuildFile; fileRef = 180F61AD258634420014B310 /* SettingsViewController.swift */; };
		180F61BC258634420014B310 /* TruckAnnotation.swift in Sources */ = {isa = PBXBuildFile; fileRef = 180F61AF258634420014B310 /* TruckAnnotation.swift */; };
		180F61BD258634420014B310 /* MapViewController.swift in Sources */ = {isa = PBXBuildFile; fileRef = 180F61B0258634420014B310 /* MapViewController.swift */; };
		180F61BE258634420014B310 /* TruckAnnotationView.swift in Sources */ = {isa = PBXBuildFile; fileRef = 180F61B1258634420014B310 /* TruckAnnotationView.swift */; };
		180F61BF258634420014B310 /* MapViewController.xib in Resources */ = {isa = PBXBuildFile; fileRef = 180F61B2258634420014B310 /* MapViewController.xib */; };
		180F61C0258634420014B310 /* AppDelegate.swift in Sources */ = {isa = PBXBuildFile; fileRef = 180F61B3258634420014B310 /* AppDelegate.swift */; };
		180F61C2258634420014B310 /* Assets.xcassets in Resources */ = {isa = PBXBuildFile; fileRef = 180F61B6258634420014B310 /* Assets.xcassets */; };
		180F61C3258634420014B310 /* LaunchScreen.storyboard in Resources */ = {isa = PBXBuildFile; fileRef = 180F61B7258634420014B310 /* LaunchScreen.storyboard */; };
		188F5EDB25AF6FD900202C97 /* MKMapView+Zoom.swift in Sources */ = {isa = PBXBuildFile; fileRef = 188F5EDA25AF6FD900202C97 /* MKMapView+Zoom.swift */; };
		AD0F84B52677D6C900C15DB7 /* Secrets.xcconfig in Resources */ = {isa = PBXBuildFile; fileRef = AD0F84B32677D6C900C15DB7 /* Secrets.xcconfig */; };
		F618BA8E25C99EF800B69885 /* Environment.swift in Sources */ = {isa = PBXBuildFile; fileRef = F618BA8D25C99EF800B69885 /* Environment.swift */; };
		F67E661525F8C221001CF9BB /* ResolutionHelper.swift in Sources */ = {isa = PBXBuildFile; fileRef = F67E661425F8C221001CF9BB /* ResolutionHelper.swift */; };
		F67E661825F8C507001CF9BB /* DescriptionsHelper.swift in Sources */ = {isa = PBXBuildFile; fileRef = F67E661725F8C507001CF9BB /* DescriptionsHelper.swift */; };
/* End PBXBuildFile section */

/* Begin PBXFileReference section */
		180F60D2258632B40014B310 /* SubscriberExample.app */ = {isa = PBXFileReference; explicitFileType = wrapper.application; includeInIndex = 0; path = SubscriberExample.app; sourceTree = BUILT_PRODUCTS_DIR; };
		180F61AC258634420014B310 /* SettingsViewController.xib */ = {isa = PBXFileReference; fileEncoding = 4; lastKnownFileType = file.xib; path = SettingsViewController.xib; sourceTree = "<group>"; };
		180F61AD258634420014B310 /* SettingsViewController.swift */ = {isa = PBXFileReference; fileEncoding = 4; lastKnownFileType = sourcecode.swift; path = SettingsViewController.swift; sourceTree = "<group>"; };
		180F61AF258634420014B310 /* TruckAnnotation.swift */ = {isa = PBXFileReference; fileEncoding = 4; lastKnownFileType = sourcecode.swift; path = TruckAnnotation.swift; sourceTree = "<group>"; };
		180F61B0258634420014B310 /* MapViewController.swift */ = {isa = PBXFileReference; fileEncoding = 4; lastKnownFileType = sourcecode.swift; path = MapViewController.swift; sourceTree = "<group>"; };
		180F61B1258634420014B310 /* TruckAnnotationView.swift */ = {isa = PBXFileReference; fileEncoding = 4; lastKnownFileType = sourcecode.swift; path = TruckAnnotationView.swift; sourceTree = "<group>"; };
		180F61B2258634420014B310 /* MapViewController.xib */ = {isa = PBXFileReference; fileEncoding = 4; lastKnownFileType = file.xib; path = MapViewController.xib; sourceTree = "<group>"; };
		180F61B3258634420014B310 /* AppDelegate.swift */ = {isa = PBXFileReference; fileEncoding = 4; lastKnownFileType = sourcecode.swift; path = AppDelegate.swift; sourceTree = "<group>"; };
		180F61B6258634420014B310 /* Assets.xcassets */ = {isa = PBXFileReference; lastKnownFileType = folder.assetcatalog; path = Assets.xcassets; sourceTree = "<group>"; };
		180F61B8258634420014B310 /* Base */ = {isa = PBXFileReference; lastKnownFileType = file.storyboard; name = Base; path = Base.lproj/LaunchScreen.storyboard; sourceTree = "<group>"; };
		180F61B9258634420014B310 /* Info.plist */ = {isa = PBXFileReference; fileEncoding = 4; lastKnownFileType = text.plist.xml; path = Info.plist; sourceTree = "<group>"; };
		188F5EDA25AF6FD900202C97 /* MKMapView+Zoom.swift */ = {isa = PBXFileReference; lastKnownFileType = sourcecode.swift; path = "MKMapView+Zoom.swift"; sourceTree = "<group>"; };
		AD0F84B32677D6C900C15DB7 /* Secrets.xcconfig */ = {isa = PBXFileReference; fileEncoding = 4; lastKnownFileType = text.xcconfig; name = Secrets.xcconfig; path = ../../Secrets.xcconfig; sourceTree = "<group>"; };
		ADAAE6192661562B00A8F214 /* Subscriber.framework */ = {isa = PBXFileReference; explicitFileType = wrapper.framework; path = Subscriber.framework; sourceTree = BUILT_PRODUCTS_DIR; };
		ADAAE61F266157C800A8F214 /* Core.framework */ = {isa = PBXFileReference; explicitFileType = wrapper.framework; path = Core.framework; sourceTree = BUILT_PRODUCTS_DIR; };
		F618BA8D25C99EF800B69885 /* Environment.swift */ = {isa = PBXFileReference; lastKnownFileType = sourcecode.swift; path = Environment.swift; sourceTree = "<group>"; };
		F618BA9D25C9A73500B69885 /* Secrets.xcconfig */ = {isa = PBXFileReference; fileEncoding = 4; lastKnownFileType = text.xcconfig; name = Secrets.xcconfig; path = ../../Secrets.xcconfig; sourceTree = "<group>"; };
		F67E661425F8C221001CF9BB /* ResolutionHelper.swift */ = {isa = PBXFileReference; lastKnownFileType = sourcecode.swift; path = ResolutionHelper.swift; sourceTree = "<group>"; };
		F67E661725F8C507001CF9BB /* DescriptionsHelper.swift */ = {isa = PBXFileReference; lastKnownFileType = sourcecode.swift; path = DescriptionsHelper.swift; sourceTree = "<group>"; };
/* End PBXFileReference section */

/* Begin PBXFrameworksBuildPhase section */
		180F60CF258632B40014B310 /* Frameworks */ = {
			isa = PBXFrameworksBuildPhase;
			buildActionMask = 2147483647;
			files = (
			);
			runOnlyForDeploymentPostprocessing = 0;
		};
/* End PBXFrameworksBuildPhase section */

/* Begin PBXGroup section */
		180F60C9258632B40014B310 = {
			isa = PBXGroup;
			children = (
				180F61B5258634420014B310 /* Resources */,
				180F61A9258634420014B310 /* Sources */,
				180F60D3258632B40014B310 /* Products */,
				D8E7ACFB43B945847EF8DCA4 /* Frameworks */,
			);
			sourceTree = "<group>";
		};
		180F60D3258632B40014B310 /* Products */ = {
			isa = PBXGroup;
			children = (
				180F60D2258632B40014B310 /* SubscriberExample.app */,
			);
			name = Products;
			sourceTree = "<group>";
		};
		180F61A9258634420014B310 /* Sources */ = {
			isa = PBXGroup;
			children = (
				188F5ED925AF6FC900202C97 /* Utils */,
				180F61AA258634420014B310 /* Screens */,
				180F61B3258634420014B310 /* AppDelegate.swift */,
				F618BA8D25C99EF800B69885 /* Environment.swift */,
				F618BA9D25C9A73500B69885 /* Secrets.xcconfig */,
			);
			path = Sources;
			sourceTree = "<group>";
		};
		180F61AA258634420014B310 /* Screens */ = {
			isa = PBXGroup;
			children = (
				180F61AB258634420014B310 /* Settings */,
				180F61AE258634420014B310 /* Map */,
			);
			path = Screens;
			sourceTree = "<group>";
		};
		180F61AB258634420014B310 /* Settings */ = {
			isa = PBXGroup;
			children = (
				180F61AC258634420014B310 /* SettingsViewController.xib */,
				180F61AD258634420014B310 /* SettingsViewController.swift */,
			);
			path = Settings;
			sourceTree = "<group>";
		};
		180F61AE258634420014B310 /* Map */ = {
			isa = PBXGroup;
			children = (
				F67E661325F8C214001CF9BB /* Helpers */,
				180F61AF258634420014B310 /* TruckAnnotation.swift */,
				180F61B0258634420014B310 /* MapViewController.swift */,
				180F61B1258634420014B310 /* TruckAnnotationView.swift */,
				180F61B2258634420014B310 /* MapViewController.xib */,
			);
			path = Map;
			sourceTree = "<group>";
		};
		180F61B5258634420014B310 /* Resources */ = {
			isa = PBXGroup;
			children = (
				AD0F84B32677D6C900C15DB7 /* Secrets.xcconfig */,
				180F61B6258634420014B310 /* Assets.xcassets */,
				180F61B7258634420014B310 /* LaunchScreen.storyboard */,
				180F61B9258634420014B310 /* Info.plist */,
			);
			path = Resources;
			sourceTree = "<group>";
		};
		188F5ED925AF6FC900202C97 /* Utils */ = {
			isa = PBXGroup;
			children = (
				188F5EDA25AF6FD900202C97 /* MKMapView+Zoom.swift */,
			);
			path = Utils;
			sourceTree = "<group>";
		};
		D8E7ACFB43B945847EF8DCA4 /* Frameworks */ = {
			isa = PBXGroup;
			children = (
				ADAAE61F266157C800A8F214 /* Core.framework */,
				ADAAE6192661562B00A8F214 /* Subscriber.framework */,
			);
			name = Frameworks;
			sourceTree = "<group>";
		};
		F67E661325F8C214001CF9BB /* Helpers */ = {
			isa = PBXGroup;
			children = (
				F67E661425F8C221001CF9BB /* ResolutionHelper.swift */,
				F67E661725F8C507001CF9BB /* DescriptionsHelper.swift */,
			);
			path = Helpers;
			sourceTree = "<group>";
		};
/* End PBXGroup section */

/* Begin PBXNativeTarget section */
		180F60D1258632B40014B310 /* SubscriberExample */ = {
			isa = PBXNativeTarget;
			buildConfigurationList = 180F60E6258632B50014B310 /* Build configuration list for PBXNativeTarget "SubscriberExample" */;
			buildPhases = (
				183BE6B12588A5D40097A30B /* Run SwiftLint */,
				180F60CE258632B40014B310 /* Sources */,
				180F60CF258632B40014B310 /* Frameworks */,
				180F60D0258632B40014B310 /* Resources */,
			);
			buildRules = (
			);
			dependencies = (
			);
			name = SubscriberExample;
			packageProductDependencies = (
			);
			productName = SubscriberExample;
			productReference = 180F60D2258632B40014B310 /* SubscriberExample.app */;
			productType = "com.apple.product-type.application";
		};
/* End PBXNativeTarget section */

/* Begin PBXProject section */
		180F60CA258632B40014B310 /* Project object */ = {
			isa = PBXProject;
			attributes = {
				LastSwiftUpdateCheck = 1220;
				LastUpgradeCheck = 1250;
				TargetAttributes = {
					180F60D1258632B40014B310 = {
						CreatedOnToolsVersion = 12.2;
					};
				};
			};
			buildConfigurationList = 180F60CD258632B40014B310 /* Build configuration list for PBXProject "SubscriberExample" */;
			compatibilityVersion = "Xcode 9.3";
			developmentRegion = en;
			hasScannedForEncodings = 0;
			knownRegions = (
				en,
				Base,
			);
			mainGroup = 180F60C9258632B40014B310;
			packageReferences = (
			);
			productRefGroup = 180F60D3258632B40014B310 /* Products */;
			projectDirPath = "";
			projectRoot = "";
			targets = (
				180F60D1258632B40014B310 /* SubscriberExample */,
			);
		};
/* End PBXProject section */

/* Begin PBXResourcesBuildPhase section */
		180F60D0258632B40014B310 /* Resources */ = {
			isa = PBXResourcesBuildPhase;
			buildActionMask = 2147483647;
			files = (
				180F61BF258634420014B310 /* MapViewController.xib in Resources */,
				AD0F84B52677D6C900C15DB7 /* Secrets.xcconfig in Resources */,
				180F61C3258634420014B310 /* LaunchScreen.storyboard in Resources */,
				180F61C2258634420014B310 /* Assets.xcassets in Resources */,
				180F61BA258634420014B310 /* SettingsViewController.xib in Resources */,
			);
			runOnlyForDeploymentPostprocessing = 0;
		};
/* End PBXResourcesBuildPhase section */

/* Begin PBXShellScriptBuildPhase section */
		183BE6B12588A5D40097A30B /* Run SwiftLint */ = {
			isa = PBXShellScriptBuildPhase;
			buildActionMask = 2147483647;
			files = (
			);
			inputFileListPaths = (
			);
			inputPaths = (
			);
			name = "Run SwiftLint";
			outputFileListPaths = (
			);
			outputPaths = (
			);
			runOnlyForDeploymentPostprocessing = 0;
			shellPath = /bin/sh;
			shellScript = "if which swiftlint >/dev/null; then\n  swiftlint lint --config \"../.swiftlint.yml\"\nelse\n  echo \"warning: SwiftLint not installed, download from https://github.com/realm/SwiftLint\"\nfi\n";
		};
/* End PBXShellScriptBuildPhase section */

/* Begin PBXSourcesBuildPhase section */
		180F60CE258632B40014B310 /* Sources */ = {
			isa = PBXSourcesBuildPhase;
			buildActionMask = 2147483647;
			files = (
				180F61C0258634420014B310 /* AppDelegate.swift in Sources */,
				180F61BE258634420014B310 /* TruckAnnotationView.swift in Sources */,
				180F61BD258634420014B310 /* MapViewController.swift in Sources */,
				F618BA8E25C99EF800B69885 /* Environment.swift in Sources */,
				F67E661825F8C507001CF9BB /* DescriptionsHelper.swift in Sources */,
				180F61BC258634420014B310 /* TruckAnnotation.swift in Sources */,
				F67E661525F8C221001CF9BB /* ResolutionHelper.swift in Sources */,
				188F5EDB25AF6FD900202C97 /* MKMapView+Zoom.swift in Sources */,
				180F61BB258634420014B310 /* SettingsViewController.swift in Sources */,
			);
			runOnlyForDeploymentPostprocessing = 0;
		};
/* End PBXSourcesBuildPhase section */

/* Begin PBXVariantGroup section */
		180F61B7258634420014B310 /* LaunchScreen.storyboard */ = {
			isa = PBXVariantGroup;
			children = (
				180F61B8258634420014B310 /* Base */,
			);
			name = LaunchScreen.storyboard;
			sourceTree = "<group>";
		};
/* End PBXVariantGroup section */

/* Begin XCBuildConfiguration section */
		180F60E4258632B50014B310 /* Debug */ = {
			isa = XCBuildConfiguration;
			baseConfigurationReference = F618BA9D25C9A73500B69885 /* Secrets.xcconfig */;
			buildSettings = {
				ALWAYS_SEARCH_USER_PATHS = NO;
				CLANG_ANALYZER_NONNULL = YES;
				CLANG_ANALYZER_NUMBER_OBJECT_CONVERSION = YES_AGGRESSIVE;
				CLANG_CXX_LANGUAGE_STANDARD = "gnu++14";
				CLANG_CXX_LIBRARY = "libc++";
				CLANG_ENABLE_MODULES = YES;
				CLANG_ENABLE_OBJC_ARC = YES;
				CLANG_ENABLE_OBJC_WEAK = YES;
				CLANG_WARN_BLOCK_CAPTURE_AUTORELEASING = YES;
				CLANG_WARN_BOOL_CONVERSION = YES;
				CLANG_WARN_COMMA = YES;
				CLANG_WARN_CONSTANT_CONVERSION = YES;
				CLANG_WARN_DEPRECATED_OBJC_IMPLEMENTATIONS = YES;
				CLANG_WARN_DIRECT_OBJC_ISA_USAGE = YES_ERROR;
				CLANG_WARN_DOCUMENTATION_COMMENTS = YES;
				CLANG_WARN_EMPTY_BODY = YES;
				CLANG_WARN_ENUM_CONVERSION = YES;
				CLANG_WARN_INFINITE_RECURSION = YES;
				CLANG_WARN_INT_CONVERSION = YES;
				CLANG_WARN_NON_LITERAL_NULL_CONVERSION = YES;
				CLANG_WARN_OBJC_IMPLICIT_RETAIN_SELF = YES;
				CLANG_WARN_OBJC_LITERAL_CONVERSION = YES;
				CLANG_WARN_OBJC_ROOT_CLASS = YES_ERROR;
				CLANG_WARN_QUOTED_INCLUDE_IN_FRAMEWORK_HEADER = YES;
				CLANG_WARN_RANGE_LOOP_ANALYSIS = YES;
				CLANG_WARN_STRICT_PROTOTYPES = YES;
				CLANG_WARN_SUSPICIOUS_MOVE = YES;
				CLANG_WARN_UNGUARDED_AVAILABILITY = YES_AGGRESSIVE;
				CLANG_WARN_UNREACHABLE_CODE = YES;
				CLANG_WARN__DUPLICATE_METHOD_MATCH = YES;
				COPY_PHASE_STRIP = NO;
				DEBUG_INFORMATION_FORMAT = dwarf;
				ENABLE_STRICT_OBJC_MSGSEND = YES;
				ENABLE_TESTABILITY = YES;
				GCC_C_LANGUAGE_STANDARD = gnu11;
				GCC_DYNAMIC_NO_PIC = NO;
				GCC_NO_COMMON_BLOCKS = YES;
				GCC_OPTIMIZATION_LEVEL = 0;
				GCC_PREPROCESSOR_DEFINITIONS = (
					"DEBUG=1",
					"$(inherited)",
				);
				GCC_WARN_64_TO_32_BIT_CONVERSION = YES;
				GCC_WARN_ABOUT_RETURN_TYPE = YES_ERROR;
				GCC_WARN_UNDECLARED_SELECTOR = YES;
				GCC_WARN_UNINITIALIZED_AUTOS = YES_AGGRESSIVE;
				GCC_WARN_UNUSED_FUNCTION = YES;
				GCC_WARN_UNUSED_VARIABLE = YES;
				IPHONEOS_DEPLOYMENT_TARGET = 12.0;
				MTL_ENABLE_DEBUG_INFO = INCLUDE_SOURCE;
				MTL_FAST_MATH = YES;
				ONLY_ACTIVE_ARCH = YES;
				SDKROOT = iphoneos;
				SWIFT_ACTIVE_COMPILATION_CONDITIONS = DEBUG;
				SWIFT_OPTIMIZATION_LEVEL = "-Onone";
			};
			name = Debug;
		};
		180F60E5258632B50014B310 /* Release */ = {
			isa = XCBuildConfiguration;
			baseConfigurationReference = F618BA9D25C9A73500B69885 /* Secrets.xcconfig */;
			buildSettings = {
				ALWAYS_SEARCH_USER_PATHS = NO;
				CLANG_ANALYZER_NONNULL = YES;
				CLANG_ANALYZER_NUMBER_OBJECT_CONVERSION = YES_AGGRESSIVE;
				CLANG_CXX_LANGUAGE_STANDARD = "gnu++14";
				CLANG_CXX_LIBRARY = "libc++";
				CLANG_ENABLE_MODULES = YES;
				CLANG_ENABLE_OBJC_ARC = YES;
				CLANG_ENABLE_OBJC_WEAK = YES;
				CLANG_WARN_BLOCK_CAPTURE_AUTORELEASING = YES;
				CLANG_WARN_BOOL_CONVERSION = YES;
				CLANG_WARN_COMMA = YES;
				CLANG_WARN_CONSTANT_CONVERSION = YES;
				CLANG_WARN_DEPRECATED_OBJC_IMPLEMENTATIONS = YES;
				CLANG_WARN_DIRECT_OBJC_ISA_USAGE = YES_ERROR;
				CLANG_WARN_DOCUMENTATION_COMMENTS = YES;
				CLANG_WARN_EMPTY_BODY = YES;
				CLANG_WARN_ENUM_CONVERSION = YES;
				CLANG_WARN_INFINITE_RECURSION = YES;
				CLANG_WARN_INT_CONVERSION = YES;
				CLANG_WARN_NON_LITERAL_NULL_CONVERSION = YES;
				CLANG_WARN_OBJC_IMPLICIT_RETAIN_SELF = YES;
				CLANG_WARN_OBJC_LITERAL_CONVERSION = YES;
				CLANG_WARN_OBJC_ROOT_CLASS = YES_ERROR;
				CLANG_WARN_QUOTED_INCLUDE_IN_FRAMEWORK_HEADER = YES;
				CLANG_WARN_RANGE_LOOP_ANALYSIS = YES;
				CLANG_WARN_STRICT_PROTOTYPES = YES;
				CLANG_WARN_SUSPICIOUS_MOVE = YES;
				CLANG_WARN_UNGUARDED_AVAILABILITY = YES_AGGRESSIVE;
				CLANG_WARN_UNREACHABLE_CODE = YES;
				CLANG_WARN__DUPLICATE_METHOD_MATCH = YES;
				COPY_PHASE_STRIP = NO;
				DEBUG_INFORMATION_FORMAT = "dwarf-with-dsym";
				ENABLE_NS_ASSERTIONS = NO;
				ENABLE_STRICT_OBJC_MSGSEND = YES;
				GCC_C_LANGUAGE_STANDARD = gnu11;
				GCC_NO_COMMON_BLOCKS = YES;
				GCC_WARN_64_TO_32_BIT_CONVERSION = YES;
				GCC_WARN_ABOUT_RETURN_TYPE = YES_ERROR;
				GCC_WARN_UNDECLARED_SELECTOR = YES;
				GCC_WARN_UNINITIALIZED_AUTOS = YES_AGGRESSIVE;
				GCC_WARN_UNUSED_FUNCTION = YES;
				GCC_WARN_UNUSED_VARIABLE = YES;
				IPHONEOS_DEPLOYMENT_TARGET = 12.0;
				MTL_ENABLE_DEBUG_INFO = NO;
				MTL_FAST_MATH = YES;
				ONLY_ACTIVE_ARCH = YES;
				SDKROOT = iphoneos;
				SWIFT_COMPILATION_MODE = wholemodule;
				SWIFT_OPTIMIZATION_LEVEL = "-O";
				VALIDATE_PRODUCT = YES;
			};
			name = Release;
		};
		180F60E7258632B50014B310 /* Debug */ = {
			isa = XCBuildConfiguration;
			buildSettings = {
				ASSETCATALOG_COMPILER_APPICON_NAME = AppIcon;
				ASSETCATALOG_COMPILER_GLOBAL_ACCENT_COLOR_NAME = AccentColor;
				CODE_SIGN_STYLE = Automatic;
				INFOPLIST_FILE = "$(SRCROOT)/Resources/Info.plist";
				LD_RUNPATH_SEARCH_PATHS = (
					"$(inherited)",
					"@executable_path/Frameworks",
				);
				PRODUCT_BUNDLE_IDENTIFIER = com.ably.tracking.SubscriberExample;
				PRODUCT_NAME = "$(TARGET_NAME)";
				SWIFT_VERSION = 5.0;
				TARGETED_DEVICE_FAMILY = "1,2";
			};
			name = Debug;
		};
		180F60E8258632B50014B310 /* Release */ = {
			isa = XCBuildConfiguration;
			buildSettings = {
				ASSETCATALOG_COMPILER_APPICON_NAME = AppIcon;
				ASSETCATALOG_COMPILER_GLOBAL_ACCENT_COLOR_NAME = AccentColor;
				CODE_SIGN_STYLE = Automatic;
				INFOPLIST_FILE = "$(SRCROOT)/Resources/Info.plist";
				LD_RUNPATH_SEARCH_PATHS = (
					"$(inherited)",
					"@executable_path/Frameworks",
				);
				PRODUCT_BUNDLE_IDENTIFIER = com.ably.tracking.SubscriberExample;
				PRODUCT_NAME = "$(TARGET_NAME)";
				SWIFT_VERSION = 5.0;
				TARGETED_DEVICE_FAMILY = "1,2";
			};
			name = Release;
		};
/* End XCBuildConfiguration section */

/* Begin XCConfigurationList section */
		180F60CD258632B40014B310 /* Build configuration list for PBXProject "SubscriberExample" */ = {
			isa = XCConfigurationList;
			buildConfigurations = (
				180F60E4258632B50014B310 /* Debug */,
				180F60E5258632B50014B310 /* Release */,
			);
			defaultConfigurationIsVisible = 0;
			defaultConfigurationName = Release;
		};
		180F60E6258632B50014B310 /* Build configuration list for PBXNativeTarget "SubscriberExample" */ = {
			isa = XCConfigurationList;
			buildConfigurations = (
				180F60E7258632B50014B310 /* Debug */,
				180F60E8258632B50014B310 /* Release */,
			);
			defaultConfigurationIsVisible = 0;
			defaultConfigurationName = Release;
		};
/* End XCConfigurationList section */
	};
	rootObject = 180F60CA258632B40014B310 /* Project object */;
}
